// !$*UTF8*$!
{
    archiveVersion = 1;
    classes = {
    };
    objectVersion = 46;
    objects = {

/* Begin PBXAggregateTarget section */
		493D3589493D470700000006 /* ca-crt */ = {
			isa = PBXAggregateTarget;
			buildConfigurationList = 493D3589493D470700000005 /* Build configuration list for PBXAggregateTarget "ca-crt" */;
			buildPhases = (
				493D3589493D470700000007,
			);
			dependencies = (
				493D3589493D470700000008 /* PBXTargetDependency Prep */,
			);
			name = ca-crt;
			productName = ca-crt;
		};
		493D3589493D47070000000A /* ejs.mod */ = {
			isa = PBXAggregateTarget;
			buildConfigurationList = 493D3589493D470700000009 /* Build configuration list for PBXAggregateTarget "ejs.mod" */;
			buildPhases = (
				493D3589493D47070000000B,
			);
			dependencies = (
				493D3589493D47070000000C /* PBXTargetDependency ejsc */,
				493D3589493D47070000000D /* PBXTargetDependency Prep */,
			);
			name = ejs.mod;
			productName = ejs.mod;
		};
		493D3589493D47070000000F /* bits */ = {
			isa = PBXAggregateTarget;
			buildConfigurationList = 493D3589493D47070000000E /* Build configuration list for PBXAggregateTarget "bits" */;
			buildPhases = (
				493D3589493D470700000010,
			);
			dependencies = (
				493D3589493D470700000011 /* PBXTargetDependency Prep */,
			);
			name = bits;
			productName = bits;
		};
		493D3589493D470700000013 /* All */ = {
			isa = PBXAggregateTarget;
			buildConfigurationList = 493D3589493D470700000012 /* Build configuration list for PBXAggregateTarget "All" */;
			buildPhases = (
				
			);
			dependencies = (
				493D3589493D470700000014 /* PBXTargetDependency libest */,
				493D3589493D470700000015 /* PBXTargetDependency ca-crt */,
				493D3589493D470700000016 /* PBXTargetDependency libmpr */,
				493D3589493D470700000017 /* PBXTargetDependency libmprssl */,
				493D3589493D470700000018 /* PBXTargetDependency makerom */,
				493D3589493D470700000019 /* PBXTargetDependency libpcre */,
				493D3589493D47070000001A /* PBXTargetDependency libhttp */,
				493D3589493D47070000001B /* PBXTargetDependency http */,
				493D3589493D47070000001C /* PBXTargetDependency libejs */,
				493D3589493D47070000001D /* PBXTargetDependency ejs */,
				493D3589493D47070000001E /* PBXTargetDependency ejsc */,
				493D3589493D47070000001F /* PBXTargetDependency ejs.mod */,
				493D3589493D470700000020 /* PBXTargetDependency bit */,
				493D3589493D470700000021 /* PBXTargetDependency bits */,
			);
			name = All;
			productName = All;
		};
		493D3589493D470700000023 /* Prep */ = {
			isa = PBXAggregateTarget;
			buildConfigurationList = 493D3589493D470700000022 /* Build configuration list for PBXAggregateTarget "Prep" */;
			buildPhases = (
				493D3589493D470700000024,
			);
			dependencies = (
			);
			name = Prep;
			productName = Prep;
		};
/* End PBXAggregateTarget section */

/* Begin PBXBuildFile section */
		493D3589493D470700000025 /* estLib.c in Sources */ = {isa = PBXBuildFile; fileRef = 493D3589493D470700000026 /* estLib.c */; };
		493D3589493D470700000027 /* mprLib.c in Sources */ = {isa = PBXBuildFile; fileRef = 493D3589493D470700000028 /* mprLib.c */; };
		493D3589493D470700000029 /* mprSsl.c in Sources */ = {isa = PBXBuildFile; fileRef = 493D3589493D47070000002A /* mprSsl.c */; };
		493D3589493D47070000002B /* makerom.c in Sources */ = {isa = PBXBuildFile; fileRef = 493D3589493D47070000002C /* makerom.c */; };
		493D3589493D47070000002D /* pcre.c in Sources */ = {isa = PBXBuildFile; fileRef = 493D3589493D47070000002E /* pcre.c */; };
		493D3589493D47070000002F /* httpLib.c in Sources */ = {isa = PBXBuildFile; fileRef = 493D3589493D470700000030 /* httpLib.c */; };
		493D3589493D470700000031 /* http.c in Sources */ = {isa = PBXBuildFile; fileRef = 493D3589493D470700000032 /* http.c */; };
		493D3589493D470700000033 /* ejsLib.c in Sources */ = {isa = PBXBuildFile; fileRef = 493D3589493D470700000034 /* ejsLib.c */; };
		493D3589493D470700000035 /* ejs.c in Sources */ = {isa = PBXBuildFile; fileRef = 493D3589493D470700000036 /* ejs.c */; };
		493D3589493D470700000037 /* ejsc.c in Sources */ = {isa = PBXBuildFile; fileRef = 493D3589493D470700000038 /* ejsc.c */; };
		493D3589493D470700000039 /* bit.c in Sources */ = {isa = PBXBuildFile; fileRef = 493D3589493D47070000003A /* bit.c */; };
		493D3589493D47070000003B /* libmpr.dylib for libmprssl */ = {isa = PBXBuildFile; fileRef = 493D3589493D47070000003C; };
		493D3589493D47070000003D /* libest.dylib for libmprssl */ = {isa = PBXBuildFile; fileRef = 493D3589493D47070000003E; };
		493D3589493D47070000003F /* libmpr.dylib for makerom */ = {isa = PBXBuildFile; fileRef = 493D3589493D47070000003C; };
		493D3589493D470700000040 /* libmpr.dylib for libhttp */ = {isa = PBXBuildFile; fileRef = 493D3589493D47070000003C; };
		493D3589493D470700000041 /* libpcre.dylib for libhttp */ = {isa = PBXBuildFile; fileRef = 493D3589493D470700000042; };
		493D3589493D470700000043 /* libhttp.dylib for http */ = {isa = PBXBuildFile; fileRef = 493D3589493D470700000044; };
		493D3589493D470700000045 /* libmpr.dylib for http */ = {isa = PBXBuildFile; fileRef = 493D3589493D47070000003C; };
		493D3589493D470700000046 /* libpcre.dylib for http */ = {isa = PBXBuildFile; fileRef = 493D3589493D470700000042; };
		493D3589493D470700000047 /* libhttp.dylib for libejs */ = {isa = PBXBuildFile; fileRef = 493D3589493D470700000044; };
		493D3589493D470700000048 /* libmpr.dylib for libejs */ = {isa = PBXBuildFile; fileRef = 493D3589493D47070000003C; };
		493D3589493D470700000049 /* libpcre.dylib for libejs */ = {isa = PBXBuildFile; fileRef = 493D3589493D470700000042; };
		493D3589493D47070000004A /* libejs.dylib for ejs */ = {isa = PBXBuildFile; fileRef = 493D3589493D47070000004B; };
		493D3589493D47070000004C /* libhttp.dylib for ejs */ = {isa = PBXBuildFile; fileRef = 493D3589493D470700000044; };
		493D3589493D47070000004D /* libmpr.dylib for ejs */ = {isa = PBXBuildFile; fileRef = 493D3589493D47070000003C; };
		493D3589493D47070000004E /* libpcre.dylib for ejs */ = {isa = PBXBuildFile; fileRef = 493D3589493D470700000042; };
		493D3589493D47070000004F /* libejs.dylib for ejsc */ = {isa = PBXBuildFile; fileRef = 493D3589493D47070000004B; };
		493D3589493D470700000050 /* libhttp.dylib for ejsc */ = {isa = PBXBuildFile; fileRef = 493D3589493D470700000044; };
		493D3589493D470700000051 /* libmpr.dylib for ejsc */ = {isa = PBXBuildFile; fileRef = 493D3589493D47070000003C; };
		493D3589493D470700000052 /* libpcre.dylib for ejsc */ = {isa = PBXBuildFile; fileRef = 493D3589493D470700000042; };
		493D3589493D470700000053 /* libmpr.dylib for bit */ = {isa = PBXBuildFile; fileRef = 493D3589493D47070000003C; };
		493D3589493D470700000054 /* libhttp.dylib for bit */ = {isa = PBXBuildFile; fileRef = 493D3589493D470700000044; };
		493D3589493D470700000055 /* libpcre.dylib for bit */ = {isa = PBXBuildFile; fileRef = 493D3589493D470700000042; };
		493D3589493D470700000056 /* libejs.dylib for bit */ = {isa = PBXBuildFile; fileRef = 493D3589493D47070000004B; };
/* End PBXBuildFile section */

/* Begin PBXContainerItemProxy section */
		493D3589493D470700000057 /* PBXContainerItemProxy Prep from libest */ = {
			isa = PBXContainerItemProxy;
			containerPortal = 493D3589493D470700000001 /* Project object */;
			proxyType = 1;
			remoteGlobalIDString = 493D3589493D470700000023;
			remoteInfo = Prep;
		};
		493D3589493D470700000058 /* PBXContainerItemProxy Prep from ca-crt */ = {
			isa = PBXContainerItemProxy;
			containerPortal = 493D3589493D470700000001 /* Project object */;
			proxyType = 1;
			remoteGlobalIDString = 493D3589493D470700000023;
			remoteInfo = Prep;
		};
		493D3589493D470700000059 /* PBXContainerItemProxy Prep from libmpr */ = {
			isa = PBXContainerItemProxy;
			containerPortal = 493D3589493D470700000001 /* Project object */;
			proxyType = 1;
			remoteGlobalIDString = 493D3589493D470700000023;
			remoteInfo = Prep;
		};
		493D3589493D47070000005A /* PBXContainerItemProxy Prep from libmprssl */ = {
			isa = PBXContainerItemProxy;
			containerPortal = 493D3589493D470700000001 /* Project object */;
			proxyType = 1;
			remoteGlobalIDString = 493D3589493D470700000023;
			remoteInfo = Prep;
		};
		493D3589493D47070000005B /* PBXContainerItemProxy libmpr from libmprssl */ = {
			isa = PBXContainerItemProxy;
			containerPortal = 493D3589493D470700000001 /* Project object */;
			proxyType = 1;
			remoteGlobalIDString = 493D3589493D47070000005C;
			remoteInfo = libmpr;
		};
		493D3589493D47070000005D /* PBXContainerItemProxy libest from libmprssl */ = {
			isa = PBXContainerItemProxy;
			containerPortal = 493D3589493D470700000001 /* Project object */;
			proxyType = 1;
			remoteGlobalIDString = 493D3589493D47070000005E;
			remoteInfo = libest;
		};
		493D3589493D47070000005F /* PBXContainerItemProxy Prep from makerom */ = {
			isa = PBXContainerItemProxy;
			containerPortal = 493D3589493D470700000001 /* Project object */;
			proxyType = 1;
			remoteGlobalIDString = 493D3589493D470700000023;
			remoteInfo = Prep;
		};
		493D3589493D470700000060 /* PBXContainerItemProxy libmpr from makerom */ = {
			isa = PBXContainerItemProxy;
			containerPortal = 493D3589493D470700000001 /* Project object */;
			proxyType = 1;
			remoteGlobalIDString = 493D3589493D47070000005C;
			remoteInfo = libmpr;
		};
		493D3589493D470700000061 /* PBXContainerItemProxy Prep from libpcre */ = {
			isa = PBXContainerItemProxy;
			containerPortal = 493D3589493D470700000001 /* Project object */;
			proxyType = 1;
			remoteGlobalIDString = 493D3589493D470700000023;
			remoteInfo = Prep;
		};
		493D3589493D470700000062 /* PBXContainerItemProxy Prep from libhttp */ = {
			isa = PBXContainerItemProxy;
			containerPortal = 493D3589493D470700000001 /* Project object */;
			proxyType = 1;
			remoteGlobalIDString = 493D3589493D470700000023;
			remoteInfo = Prep;
		};
		493D3589493D470700000063 /* PBXContainerItemProxy libmpr from libhttp */ = {
			isa = PBXContainerItemProxy;
			containerPortal = 493D3589493D470700000001 /* Project object */;
			proxyType = 1;
			remoteGlobalIDString = 493D3589493D47070000005C;
			remoteInfo = libmpr;
		};
		493D3589493D470700000064 /* PBXContainerItemProxy libpcre from libhttp */ = {
			isa = PBXContainerItemProxy;
			containerPortal = 493D3589493D470700000001 /* Project object */;
			proxyType = 1;
			remoteGlobalIDString = 493D3589493D470700000065;
			remoteInfo = libpcre;
		};
		493D3589493D470700000066 /* PBXContainerItemProxy Prep from http */ = {
			isa = PBXContainerItemProxy;
			containerPortal = 493D3589493D470700000001 /* Project object */;
			proxyType = 1;
			remoteGlobalIDString = 493D3589493D470700000023;
			remoteInfo = Prep;
		};
		493D3589493D470700000067 /* PBXContainerItemProxy libmpr from http */ = {
			isa = PBXContainerItemProxy;
			containerPortal = 493D3589493D470700000001 /* Project object */;
			proxyType = 1;
			remoteGlobalIDString = 493D3589493D47070000005C;
			remoteInfo = libmpr;
		};
		493D3589493D470700000068 /* PBXContainerItemProxy libpcre from http */ = {
			isa = PBXContainerItemProxy;
			containerPortal = 493D3589493D470700000001 /* Project object */;
			proxyType = 1;
			remoteGlobalIDString = 493D3589493D470700000065;
			remoteInfo = libpcre;
		};
		493D3589493D470700000069 /* PBXContainerItemProxy libhttp from http */ = {
			isa = PBXContainerItemProxy;
			containerPortal = 493D3589493D470700000001 /* Project object */;
			proxyType = 1;
			remoteGlobalIDString = 493D3589493D47070000006A;
			remoteInfo = libhttp;
		};
		493D3589493D47070000006B /* PBXContainerItemProxy Prep from libejs */ = {
			isa = PBXContainerItemProxy;
			containerPortal = 493D3589493D470700000001 /* Project object */;
			proxyType = 1;
			remoteGlobalIDString = 493D3589493D470700000023;
			remoteInfo = Prep;
		};
		493D3589493D47070000006C /* PBXContainerItemProxy libmpr from libejs */ = {
			isa = PBXContainerItemProxy;
			containerPortal = 493D3589493D470700000001 /* Project object */;
			proxyType = 1;
			remoteGlobalIDString = 493D3589493D47070000005C;
			remoteInfo = libmpr;
		};
		493D3589493D47070000006D /* PBXContainerItemProxy libpcre from libejs */ = {
			isa = PBXContainerItemProxy;
			containerPortal = 493D3589493D470700000001 /* Project object */;
			proxyType = 1;
			remoteGlobalIDString = 493D3589493D470700000065;
			remoteInfo = libpcre;
		};
		493D3589493D47070000006E /* PBXContainerItemProxy libhttp from libejs */ = {
			isa = PBXContainerItemProxy;
			containerPortal = 493D3589493D470700000001 /* Project object */;
			proxyType = 1;
			remoteGlobalIDString = 493D3589493D47070000006A;
			remoteInfo = libhttp;
		};
		493D3589493D47070000006F /* PBXContainerItemProxy Prep from ejs */ = {
			isa = PBXContainerItemProxy;
			containerPortal = 493D3589493D470700000001 /* Project object */;
			proxyType = 1;
			remoteGlobalIDString = 493D3589493D470700000023;
			remoteInfo = Prep;
		};
		493D3589493D470700000070 /* PBXContainerItemProxy libmpr from ejs */ = {
			isa = PBXContainerItemProxy;
			containerPortal = 493D3589493D470700000001 /* Project object */;
			proxyType = 1;
			remoteGlobalIDString = 493D3589493D47070000005C;
			remoteInfo = libmpr;
		};
		493D3589493D470700000071 /* PBXContainerItemProxy libpcre from ejs */ = {
			isa = PBXContainerItemProxy;
			containerPortal = 493D3589493D470700000001 /* Project object */;
			proxyType = 1;
			remoteGlobalIDString = 493D3589493D470700000065;
			remoteInfo = libpcre;
		};
		493D3589493D470700000072 /* PBXContainerItemProxy libhttp from ejs */ = {
			isa = PBXContainerItemProxy;
			containerPortal = 493D3589493D470700000001 /* Project object */;
			proxyType = 1;
			remoteGlobalIDString = 493D3589493D47070000006A;
			remoteInfo = libhttp;
		};
		493D3589493D470700000073 /* PBXContainerItemProxy libejs from ejs */ = {
			isa = PBXContainerItemProxy;
			containerPortal = 493D3589493D470700000001 /* Project object */;
			proxyType = 1;
			remoteGlobalIDString = 493D3589493D470700000074;
			remoteInfo = libejs;
		};
		493D3589493D470700000075 /* PBXContainerItemProxy Prep from ejsc */ = {
			isa = PBXContainerItemProxy;
			containerPortal = 493D3589493D470700000001 /* Project object */;
			proxyType = 1;
			remoteGlobalIDString = 493D3589493D470700000023;
			remoteInfo = Prep;
		};
		493D3589493D470700000076 /* PBXContainerItemProxy libmpr from ejsc */ = {
			isa = PBXContainerItemProxy;
			containerPortal = 493D3589493D470700000001 /* Project object */;
			proxyType = 1;
			remoteGlobalIDString = 493D3589493D47070000005C;
			remoteInfo = libmpr;
		};
		493D3589493D470700000077 /* PBXContainerItemProxy libpcre from ejsc */ = {
			isa = PBXContainerItemProxy;
			containerPortal = 493D3589493D470700000001 /* Project object */;
			proxyType = 1;
			remoteGlobalIDString = 493D3589493D470700000065;
			remoteInfo = libpcre;
		};
		493D3589493D470700000078 /* PBXContainerItemProxy libhttp from ejsc */ = {
			isa = PBXContainerItemProxy;
			containerPortal = 493D3589493D470700000001 /* Project object */;
			proxyType = 1;
			remoteGlobalIDString = 493D3589493D47070000006A;
			remoteInfo = libhttp;
		};
		493D3589493D470700000079 /* PBXContainerItemProxy libejs from ejsc */ = {
			isa = PBXContainerItemProxy;
			containerPortal = 493D3589493D470700000001 /* Project object */;
			proxyType = 1;
			remoteGlobalIDString = 493D3589493D470700000074;
			remoteInfo = libejs;
		};
		493D3589493D47070000007A /* PBXContainerItemProxy Prep from ejs.mod */ = {
			isa = PBXContainerItemProxy;
			containerPortal = 493D3589493D470700000001 /* Project object */;
			proxyType = 1;
			remoteGlobalIDString = 493D3589493D470700000023;
			remoteInfo = Prep;
		};
		493D3589493D47070000007B /* PBXContainerItemProxy libmpr from ejs.mod */ = {
			isa = PBXContainerItemProxy;
			containerPortal = 493D3589493D470700000001 /* Project object */;
			proxyType = 1;
			remoteGlobalIDString = 493D3589493D47070000005C;
			remoteInfo = libmpr;
		};
		493D3589493D47070000007C /* PBXContainerItemProxy libpcre from ejs.mod */ = {
			isa = PBXContainerItemProxy;
			containerPortal = 493D3589493D470700000001 /* Project object */;
			proxyType = 1;
			remoteGlobalIDString = 493D3589493D470700000065;
			remoteInfo = libpcre;
		};
		493D3589493D47070000007D /* PBXContainerItemProxy libhttp from ejs.mod */ = {
			isa = PBXContainerItemProxy;
			containerPortal = 493D3589493D470700000001 /* Project object */;
			proxyType = 1;
			remoteGlobalIDString = 493D3589493D47070000006A;
			remoteInfo = libhttp;
		};
		493D3589493D47070000007E /* PBXContainerItemProxy libejs from ejs.mod */ = {
			isa = PBXContainerItemProxy;
			containerPortal = 493D3589493D470700000001 /* Project object */;
			proxyType = 1;
			remoteGlobalIDString = 493D3589493D470700000074;
			remoteInfo = libejs;
		};
		493D3589493D47070000007F /* PBXContainerItemProxy ejsc from ejs.mod */ = {
			isa = PBXContainerItemProxy;
			containerPortal = 493D3589493D470700000001 /* Project object */;
			proxyType = 1;
			remoteGlobalIDString = 493D3589493D470700000080;
			remoteInfo = ejsc;
		};
		493D3589493D470700000081 /* PBXContainerItemProxy Prep from bit */ = {
			isa = PBXContainerItemProxy;
			containerPortal = 493D3589493D470700000001 /* Project object */;
			proxyType = 1;
			remoteGlobalIDString = 493D3589493D470700000023;
			remoteInfo = Prep;
		};
		493D3589493D470700000082 /* PBXContainerItemProxy libmpr from bit */ = {
			isa = PBXContainerItemProxy;
			containerPortal = 493D3589493D470700000001 /* Project object */;
			proxyType = 1;
			remoteGlobalIDString = 493D3589493D47070000005C;
			remoteInfo = libmpr;
		};
		493D3589493D470700000083 /* PBXContainerItemProxy libpcre from bit */ = {
			isa = PBXContainerItemProxy;
			containerPortal = 493D3589493D470700000001 /* Project object */;
			proxyType = 1;
			remoteGlobalIDString = 493D3589493D470700000065;
			remoteInfo = libpcre;
		};
		493D3589493D470700000084 /* PBXContainerItemProxy libhttp from bit */ = {
			isa = PBXContainerItemProxy;
			containerPortal = 493D3589493D470700000001 /* Project object */;
			proxyType = 1;
			remoteGlobalIDString = 493D3589493D47070000006A;
			remoteInfo = libhttp;
		};
		493D3589493D470700000085 /* PBXContainerItemProxy libejs from bit */ = {
			isa = PBXContainerItemProxy;
			containerPortal = 493D3589493D470700000001 /* Project object */;
			proxyType = 1;
			remoteGlobalIDString = 493D3589493D470700000074;
			remoteInfo = libejs;
		};
		493D3589493D470700000086 /* PBXContainerItemProxy bits from bit */ = {
			isa = PBXContainerItemProxy;
			containerPortal = 493D3589493D470700000001 /* Project object */;
			proxyType = 1;
			remoteGlobalIDString = 493D3589493D47070000000F;
			remoteInfo = bits;
		};
		493D3589493D470700000087 /* PBXContainerItemProxy ejsc from bit */ = {
			isa = PBXContainerItemProxy;
			containerPortal = 493D3589493D470700000001 /* Project object */;
			proxyType = 1;
			remoteGlobalIDString = 493D3589493D470700000080;
			remoteInfo = ejsc;
		};
		493D3589493D470700000088 /* PBXContainerItemProxy Prep from bits */ = {
			isa = PBXContainerItemProxy;
			containerPortal = 493D3589493D470700000001 /* Project object */;
			proxyType = 1;
			remoteGlobalIDString = 493D3589493D470700000023;
			remoteInfo = Prep;
		};
		493D3589493D470700000089 /* PBXContainerItemProxy Prep from All */ = {
			isa = PBXContainerItemProxy;
			containerPortal = 493D3589493D470700000001 /* Project object */;
			proxyType = 1;
			remoteGlobalIDString = 493D3589493D470700000023;
			remoteInfo = Prep;
		};
		493D3589493D47070000008A /* PBXContainerItemProxy libest from All */ = {
			isa = PBXContainerItemProxy;
			containerPortal = 493D3589493D470700000001 /* Project object */;
			proxyType = 1;
			remoteGlobalIDString = 493D3589493D47070000005E;
			remoteInfo = libest;
		};
		493D3589493D47070000008B /* PBXContainerItemProxy ca-crt from All */ = {
			isa = PBXContainerItemProxy;
			containerPortal = 493D3589493D470700000001 /* Project object */;
			proxyType = 1;
			remoteGlobalIDString = 493D3589493D470700000006;
			remoteInfo = ca-crt;
		};
		493D3589493D47070000008C /* PBXContainerItemProxy libmpr from All */ = {
			isa = PBXContainerItemProxy;
			containerPortal = 493D3589493D470700000001 /* Project object */;
			proxyType = 1;
			remoteGlobalIDString = 493D3589493D47070000005C;
			remoteInfo = libmpr;
		};
		493D3589493D47070000008D /* PBXContainerItemProxy libmprssl from All */ = {
			isa = PBXContainerItemProxy;
			containerPortal = 493D3589493D470700000001 /* Project object */;
			proxyType = 1;
			remoteGlobalIDString = 493D3589493D47070000008E;
			remoteInfo = libmprssl;
		};
		493D3589493D47070000008F /* PBXContainerItemProxy makerom from All */ = {
			isa = PBXContainerItemProxy;
			containerPortal = 493D3589493D470700000001 /* Project object */;
			proxyType = 1;
			remoteGlobalIDString = 493D3589493D470700000090;
			remoteInfo = makerom;
		};
		493D3589493D470700000091 /* PBXContainerItemProxy libpcre from All */ = {
			isa = PBXContainerItemProxy;
			containerPortal = 493D3589493D470700000001 /* Project object */;
			proxyType = 1;
			remoteGlobalIDString = 493D3589493D470700000065;
			remoteInfo = libpcre;
		};
		493D3589493D470700000092 /* PBXContainerItemProxy libhttp from All */ = {
			isa = PBXContainerItemProxy;
			containerPortal = 493D3589493D470700000001 /* Project object */;
			proxyType = 1;
			remoteGlobalIDString = 493D3589493D47070000006A;
			remoteInfo = libhttp;
		};
		493D3589493D470700000093 /* PBXContainerItemProxy http from All */ = {
			isa = PBXContainerItemProxy;
			containerPortal = 493D3589493D470700000001 /* Project object */;
			proxyType = 1;
			remoteGlobalIDString = 493D3589493D470700000094;
			remoteInfo = http;
		};
		493D3589493D470700000095 /* PBXContainerItemProxy libejs from All */ = {
			isa = PBXContainerItemProxy;
			containerPortal = 493D3589493D470700000001 /* Project object */;
			proxyType = 1;
			remoteGlobalIDString = 493D3589493D470700000074;
			remoteInfo = libejs;
		};
		493D3589493D470700000096 /* PBXContainerItemProxy ejs from All */ = {
			isa = PBXContainerItemProxy;
			containerPortal = 493D3589493D470700000001 /* Project object */;
			proxyType = 1;
			remoteGlobalIDString = 493D3589493D470700000097;
			remoteInfo = ejs;
		};
		493D3589493D470700000098 /* PBXContainerItemProxy ejsc from All */ = {
			isa = PBXContainerItemProxy;
			containerPortal = 493D3589493D470700000001 /* Project object */;
			proxyType = 1;
			remoteGlobalIDString = 493D3589493D470700000080;
			remoteInfo = ejsc;
		};
		493D3589493D470700000099 /* PBXContainerItemProxy ejs.mod from All */ = {
			isa = PBXContainerItemProxy;
			containerPortal = 493D3589493D470700000001 /* Project object */;
			proxyType = 1;
			remoteGlobalIDString = 493D3589493D47070000000A;
			remoteInfo = ejs.mod;
		};
		493D3589493D47070000009A /* PBXContainerItemProxy bits from All */ = {
			isa = PBXContainerItemProxy;
			containerPortal = 493D3589493D470700000001 /* Project object */;
			proxyType = 1;
			remoteGlobalIDString = 493D3589493D47070000000F;
			remoteInfo = bits;
		};
		493D3589493D47070000009B /* PBXContainerItemProxy bit from All */ = {
			isa = PBXContainerItemProxy;
			containerPortal = 493D3589493D470700000001 /* Project object */;
			proxyType = 1;
			remoteGlobalIDString = 493D3589493D47070000009C;
			remoteInfo = bit;
		};
/* End PBXContainerItemProxy section */

/* Begin PBXFileReference section */
		493D3589493D470700000026 /* estLib.c */ = {isa = PBXFileReference; fileEncoding = 4; lastKnownFileType = sourcecode.c.c; name = estLib.c; path = src/deps/est/estLib.c; sourceTree = "<group>"; };
		493D3589493D47070000009D /* bit.h */ = {isa = PBXFileReference; fileEncoding = 4; lastKnownFileType = sourcecode.c.h; name = bit.h; path = macosx-x64-default/inc/bit.h; sourceTree = "<group>"; };
		493D3589493D47070000009E /* est.h */ = {isa = PBXFileReference; fileEncoding = 4; lastKnownFileType = sourcecode.c.h; name = est.h; path = macosx-x64-default/inc/est.h; sourceTree = "<group>"; };
		493D3589493D47070000009F /* bitos.h */ = {isa = PBXFileReference; fileEncoding = 4; lastKnownFileType = sourcecode.c.h; name = bitos.h; path = macosx-x64-default/inc/bitos.h; sourceTree = "<group>"; };
		493D3589493D47070000003E /* libest */ = {isa = PBXFileReference; explicitFileType = "compiled.mach-o.dylib"; includeInIndex = 0; path = libest.dylib; sourceTree = BUILT_PRODUCTS_DIR; };
		493D3589493D470700000028 /* mprLib.c */ = {isa = PBXFileReference; fileEncoding = 4; lastKnownFileType = sourcecode.c.c; name = mprLib.c; path = src/deps/mpr/mprLib.c; sourceTree = "<group>"; };
		493D3589493D4707000000A0 /* mpr.h */ = {isa = PBXFileReference; fileEncoding = 4; lastKnownFileType = sourcecode.c.h; name = mpr.h; path = macosx-x64-default/inc/mpr.h; sourceTree = "<group>"; };
		493D3589493D47070000003C /* libmpr */ = {isa = PBXFileReference; explicitFileType = "compiled.mach-o.dylib"; includeInIndex = 0; path = libmpr.dylib; sourceTree = BUILT_PRODUCTS_DIR; };
		493D3589493D47070000002A /* mprSsl.c */ = {isa = PBXFileReference; fileEncoding = 4; lastKnownFileType = sourcecode.c.c; name = mprSsl.c; path = src/deps/mpr/mprSsl.c; sourceTree = "<group>"; };
		493D3589493D4707000000A1 /* libmprssl */ = {isa = PBXFileReference; explicitFileType = "compiled.mach-o.dylib"; includeInIndex = 0; path = libmprssl.dylib; sourceTree = BUILT_PRODUCTS_DIR; };
		493D3589493D47070000002C /* makerom.c */ = {isa = PBXFileReference; fileEncoding = 4; lastKnownFileType = sourcecode.c.c; name = makerom.c; path = src/deps/mpr/makerom.c; sourceTree = "<group>"; };
		493D3589493D4707000000A2 /* makerom */ = {isa = PBXFileReference; explicitFileType = "compiled.mach-o.executable"; includeInIndex = 0; path = makerom; sourceTree = BUILT_PRODUCTS_DIR; };
		493D3589493D47070000002E /* pcre.c */ = {isa = PBXFileReference; fileEncoding = 4; lastKnownFileType = sourcecode.c.c; name = pcre.c; path = src/deps/pcre/pcre.c; sourceTree = "<group>"; };
		493D3589493D4707000000A3 /* pcre.h */ = {isa = PBXFileReference; fileEncoding = 4; lastKnownFileType = sourcecode.c.h; name = pcre.h; path = macosx-x64-default/inc/pcre.h; sourceTree = "<group>"; };
		493D3589493D470700000042 /* libpcre */ = {isa = PBXFileReference; explicitFileType = "compiled.mach-o.dylib"; includeInIndex = 0; path = libpcre.dylib; sourceTree = BUILT_PRODUCTS_DIR; };
		493D3589493D470700000030 /* httpLib.c */ = {isa = PBXFileReference; fileEncoding = 4; lastKnownFileType = sourcecode.c.c; name = httpLib.c; path = src/deps/http/httpLib.c; sourceTree = "<group>"; };
		493D3589493D4707000000A4 /* http.h */ = {isa = PBXFileReference; fileEncoding = 4; lastKnownFileType = sourcecode.c.h; name = http.h; path = macosx-x64-default/inc/http.h; sourceTree = "<group>"; };
		493D3589493D470700000044 /* libhttp */ = {isa = PBXFileReference; explicitFileType = "compiled.mach-o.dylib"; includeInIndex = 0; path = libhttp.dylib; sourceTree = BUILT_PRODUCTS_DIR; };
		493D3589493D470700000032 /* http.c */ = {isa = PBXFileReference; fileEncoding = 4; lastKnownFileType = sourcecode.c.c; name = http.c; path = src/deps/http/http.c; sourceTree = "<group>"; };
		493D3589493D4707000000A5 /* http */ = {isa = PBXFileReference; explicitFileType = "compiled.mach-o.executable"; includeInIndex = 0; path = http; sourceTree = BUILT_PRODUCTS_DIR; };
		493D3589493D470700000034 /* ejsLib.c */ = {isa = PBXFileReference; fileEncoding = 4; lastKnownFileType = sourcecode.c.c; name = ejsLib.c; path = src/deps/ejs/ejsLib.c; sourceTree = "<group>"; };
		493D3589493D4707000000A6 /* ejs.h */ = {isa = PBXFileReference; fileEncoding = 4; lastKnownFileType = sourcecode.c.h; name = ejs.h; path = macosx-x64-default/inc/ejs.h; sourceTree = "<group>"; };
		493D3589493D4707000000A7 /* ejs.slots.h */ = {isa = PBXFileReference; fileEncoding = 4; lastKnownFileType = sourcecode.c.h; name = ejs.slots.h; path = macosx-x64-default/inc/ejs.slots.h; sourceTree = "<group>"; };
		493D3589493D47070000004B /* libejs */ = {isa = PBXFileReference; explicitFileType = "compiled.mach-o.dylib"; includeInIndex = 0; path = libejs.dylib; sourceTree = BUILT_PRODUCTS_DIR; };
		493D3589493D470700000036 /* ejs.c */ = {isa = PBXFileReference; fileEncoding = 4; lastKnownFileType = sourcecode.c.c; name = ejs.c; path = src/deps/ejs/ejs.c; sourceTree = "<group>"; };
		493D3589493D4707000000A8 /* ejs */ = {isa = PBXFileReference; explicitFileType = "compiled.mach-o.executable"; includeInIndex = 0; path = ejs; sourceTree = BUILT_PRODUCTS_DIR; };
		493D3589493D470700000038 /* ejsc.c */ = {isa = PBXFileReference; fileEncoding = 4; lastKnownFileType = sourcecode.c.c; name = ejsc.c; path = src/deps/ejs/ejsc.c; sourceTree = "<group>"; };
		493D3589493D4707000000A9 /* ejsc */ = {isa = PBXFileReference; explicitFileType = "compiled.mach-o.executable"; includeInIndex = 0; path = ejsc; sourceTree = BUILT_PRODUCTS_DIR; };
		493D3589493D47070000003A /* bit.c */ = {isa = PBXFileReference; fileEncoding = 4; lastKnownFileType = sourcecode.c.c; name = bit.c; path = src/bit.c; sourceTree = "<group>"; };
		493D3589493D4707000000AA /* bit */ = {isa = PBXFileReference; explicitFileType = "compiled.mach-o.executable"; includeInIndex = 0; path = bit; sourceTree = BUILT_PRODUCTS_DIR; };
/* End PBXFileReference section */

/* Begin PBXFrameworksBuildPhase section */
		493D3589493D4707000000AB /* Frameworks and Libraries for libest */ = {
            isa = PBXFrameworksBuildPhase;
            buildActionMask = 2147483647;
            files = (
				
            );
            runOnlyForDeploymentPostprocessing = 0;
        };
		493D3589493D4707000000AC /* Frameworks and Libraries for libmpr */ = {
            isa = PBXFrameworksBuildPhase;
            buildActionMask = 2147483647;
            files = (
				
            );
            runOnlyForDeploymentPostprocessing = 0;
        };
		493D3589493D4707000000AD /* Frameworks and Libraries for libmprssl */ = {
            isa = PBXFrameworksBuildPhase;
            buildActionMask = 2147483647;
            files = (
				493D3589493D47070000003B /* libmpr */,
				493D3589493D47070000003D /* libest */,				
            );
            runOnlyForDeploymentPostprocessing = 0;
        };
		493D3589493D4707000000AE /* Frameworks and Libraries for makerom */ = {
            isa = PBXFrameworksBuildPhase;
            buildActionMask = 2147483647;
            files = (
				493D3589493D47070000003F /* libmpr */,				
            );
            runOnlyForDeploymentPostprocessing = 0;
        };
		493D3589493D4707000000AF /* Frameworks and Libraries for libpcre */ = {
            isa = PBXFrameworksBuildPhase;
            buildActionMask = 2147483647;
            files = (
				
            );
            runOnlyForDeploymentPostprocessing = 0;
        };
		493D3589493D4707000000B0 /* Frameworks and Libraries for libhttp */ = {
            isa = PBXFrameworksBuildPhase;
            buildActionMask = 2147483647;
            files = (
				493D3589493D470700000040 /* libmpr */,
				493D3589493D470700000041 /* libpcre */,				
            );
            runOnlyForDeploymentPostprocessing = 0;
        };
		493D3589493D4707000000B1 /* Frameworks and Libraries for http */ = {
            isa = PBXFrameworksBuildPhase;
            buildActionMask = 2147483647;
            files = (
				493D3589493D470700000043 /* libhttp */,
				493D3589493D470700000045 /* libmpr */,
				493D3589493D470700000046 /* libpcre */,				
            );
            runOnlyForDeploymentPostprocessing = 0;
        };
		493D3589493D4707000000B2 /* Frameworks and Libraries for libejs */ = {
            isa = PBXFrameworksBuildPhase;
            buildActionMask = 2147483647;
            files = (
				493D3589493D470700000047 /* libhttp */,
				493D3589493D470700000048 /* libmpr */,
				493D3589493D470700000049 /* libpcre */,				
            );
            runOnlyForDeploymentPostprocessing = 0;
        };
		493D3589493D4707000000B3 /* Frameworks and Libraries for ejs */ = {
            isa = PBXFrameworksBuildPhase;
            buildActionMask = 2147483647;
            files = (
				493D3589493D47070000004A /* libejs */,
				493D3589493D47070000004C /* libhttp */,
				493D3589493D47070000004D /* libmpr */,
				493D3589493D47070000004E /* libpcre */,				
            );
            runOnlyForDeploymentPostprocessing = 0;
        };
		493D3589493D4707000000B4 /* Frameworks and Libraries for ejsc */ = {
            isa = PBXFrameworksBuildPhase;
            buildActionMask = 2147483647;
            files = (
				493D3589493D47070000004F /* libejs */,
				493D3589493D470700000050 /* libhttp */,
				493D3589493D470700000051 /* libmpr */,
				493D3589493D470700000052 /* libpcre */,				
            );
            runOnlyForDeploymentPostprocessing = 0;
        };
		493D3589493D4707000000B5 /* Frameworks and Libraries for bit */ = {
            isa = PBXFrameworksBuildPhase;
            buildActionMask = 2147483647;
            files = (
				493D3589493D470700000053 /* libmpr */,
				493D3589493D470700000054 /* libhttp */,
				493D3589493D470700000055 /* libpcre */,
				493D3589493D470700000056 /* libejs */,				
            );
            runOnlyForDeploymentPostprocessing = 0;
        };
/* End PBXFrameworksBuildPhase section */

/* Begin PBXGroup section */
		493D3589493D4707000000B6 /* Top Group */ = {
            isa = PBXGroup;
            children = (
				493D3589493D4707000000B7 /* libejs */,
				493D3589493D4707000000B8 /* libest */,
				493D3589493D4707000000B9 /* libhttp */,
				493D3589493D4707000000BA /* libmpr */,
				493D3589493D4707000000BB /* libmprssl */,
				493D3589493D4707000000BC /* libpcre */,
				493D3589493D4707000000BD /* bit */,
				493D3589493D4707000000BE /* ejs */,
				493D3589493D4707000000BF /* ejsc */,
				493D3589493D4707000000C0 /* http */,
				493D3589493D4707000000C1 /* makerom */,
				493D3589493D4707000000C2 /* Products */,
			);
            sourceTree = "<group>";
        };
		493D3589493D4707000000B8 /* libest */ = {
            isa = PBXGroup;
            children = (
				493D3589493D47070000009D /* bit.h */,
				493D3589493D47070000009E /* est.h */,
				493D3589493D47070000009F /* bitos.h */,
				493D3589493D470700000026 /* estLib.c */,
			);
            name = "libest";
            path = ..;
            sourceTree = SOURCE_ROOT;
        };
		493D3589493D4707000000BA /* libmpr */ = {
            isa = PBXGroup;
            children = (
				493D3589493D47070000009D /* bit.h */,
				493D3589493D4707000000A0 /* mpr.h */,
				493D3589493D47070000009F /* bitos.h */,
				493D3589493D470700000028 /* mprLib.c */,
			);
            name = "libmpr";
            path = ..;
            sourceTree = SOURCE_ROOT;
        };
		493D3589493D4707000000BB /* libmprssl */ = {
            isa = PBXGroup;
            children = (
				493D3589493D47070000009D /* bit.h */,
				493D3589493D4707000000A0 /* mpr.h */,
				493D3589493D47070000009E /* est.h */,
				493D3589493D47070000002A /* mprSsl.c */,
			);
            name = "libmprssl";
            path = ..;
            sourceTree = SOURCE_ROOT;
        };
		493D3589493D4707000000C1 /* makerom */ = {
            isa = PBXGroup;
            children = (
				493D3589493D47070000009D /* bit.h */,
				493D3589493D4707000000A0 /* mpr.h */,
				493D3589493D47070000002C /* makerom.c */,
			);
            name = "makerom";
            path = ..;
            sourceTree = SOURCE_ROOT;
        };
		493D3589493D4707000000BC /* libpcre */ = {
            isa = PBXGroup;
            children = (
				493D3589493D47070000009D /* bit.h */,
				493D3589493D4707000000A3 /* pcre.h */,
				493D3589493D47070000002E /* pcre.c */,
			);
            name = "libpcre";
            path = ..;
            sourceTree = SOURCE_ROOT;
        };
		493D3589493D4707000000B9 /* libhttp */ = {
            isa = PBXGroup;
            children = (
				493D3589493D47070000009D /* bit.h */,
				493D3589493D4707000000A4 /* http.h */,
				493D3589493D4707000000A0 /* mpr.h */,
				493D3589493D470700000030 /* httpLib.c */,
			);
            name = "libhttp";
            path = ..;
            sourceTree = SOURCE_ROOT;
        };
		493D3589493D4707000000C0 /* http */ = {
            isa = PBXGroup;
            children = (
				493D3589493D47070000009D /* bit.h */,
				493D3589493D4707000000A4 /* http.h */,
				493D3589493D470700000032 /* http.c */,
			);
            name = "http";
            path = ..;
            sourceTree = SOURCE_ROOT;
        };
		493D3589493D4707000000B7 /* libejs */ = {
            isa = PBXGroup;
            children = (
				493D3589493D47070000009D /* bit.h */,
				493D3589493D4707000000A6 /* ejs.h */,
				493D3589493D4707000000A0 /* mpr.h */,
				493D3589493D4707000000A3 /* pcre.h */,
				493D3589493D47070000009F /* bitos.h */,
				493D3589493D4707000000A4 /* http.h */,
				493D3589493D4707000000A7 /* ejs.slots.h */,
				493D3589493D470700000034 /* ejsLib.c */,
			);
            name = "libejs";
            path = ..;
            sourceTree = SOURCE_ROOT;
        };
		493D3589493D4707000000BE /* ejs */ = {
            isa = PBXGroup;
            children = (
				493D3589493D47070000009D /* bit.h */,
				493D3589493D4707000000A6 /* ejs.h */,
				493D3589493D470700000036 /* ejs.c */,
			);
            name = "ejs";
            path = ..;
            sourceTree = SOURCE_ROOT;
        };
		493D3589493D4707000000BF /* ejsc */ = {
            isa = PBXGroup;
            children = (
				493D3589493D47070000009D /* bit.h */,
				493D3589493D4707000000A6 /* ejs.h */,
				493D3589493D470700000038 /* ejsc.c */,
			);
            name = "ejsc";
            path = ..;
            sourceTree = SOURCE_ROOT;
        };
		493D3589493D4707000000BD /* bit */ = {
            isa = PBXGroup;
            children = (
				493D3589493D47070000009D /* bit.h */,
				493D3589493D4707000000A6 /* ejs.h */,
				493D3589493D47070000003A /* bit.c */,
			);
            name = "bit";
            path = ..;
            sourceTree = SOURCE_ROOT;
        };
		493D3589493D4707000000C2 /* Products */ = {
            isa = PBXGroup;
            children = (
				493D3589493D47070000003E /* libest */,
				493D3589493D47070000003C /* libmpr */,
				493D3589493D4707000000A1 /* libmprssl */,
				493D3589493D4707000000A2 /* makerom */,
				493D3589493D470700000042 /* libpcre */,
				493D3589493D470700000044 /* libhttp */,
				493D3589493D4707000000A5 /* http */,
				493D3589493D47070000004B /* libejs */,
				493D3589493D4707000000A8 /* ejs */,
				493D3589493D4707000000A9 /* ejsc */,
				493D3589493D4707000000AA /* bit */,
			);
            name = "Products";
            path = ..;
            sourceTree = SOURCE_ROOT;
        };
/* End PBXGroup section */

/* Begin PBXNativeTarget section */
		493D3589493D47070000005E /* libest */ = {
			isa = PBXNativeTarget;
			buildConfigurationList = 493D3589493D4707000000C4 /* Build configuration list for PBXNativeTarget "libest" */;
			buildPhases = (
				493D3589493D4707000000C3 /* Sources */,
				493D3589493D4707000000AB /* Frameworks */,
			);
			buildRules = (
			);
			dependencies = (
				493D3589493D4707000000C5 /* Prep */,				
			);
			name = libest;
			productName = bit;
			productReference = 493D3589493D47070000003E /* libest */;
			productType = "com.apple.product-type.library.dynamic";
		};
		493D3589493D47070000005C /* libmpr */ = {
			isa = PBXNativeTarget;
			buildConfigurationList = 493D3589493D4707000000C7 /* Build configuration list for PBXNativeTarget "libmpr" */;
			buildPhases = (
				493D3589493D4707000000C6 /* Sources */,
				493D3589493D4707000000AC /* Frameworks */,
			);
			buildRules = (
			);
			dependencies = (
				493D3589493D4707000000C8 /* Prep */,				
			);
			name = libmpr;
			productName = bit;
			productReference = 493D3589493D47070000003C /* libmpr */;
			productType = "com.apple.product-type.library.dynamic";
		};
		493D3589493D47070000008E /* libmprssl */ = {
			isa = PBXNativeTarget;
			buildConfigurationList = 493D3589493D4707000000CA /* Build configuration list for PBXNativeTarget "libmprssl" */;
			buildPhases = (
				493D3589493D4707000000C9 /* Sources */,
				493D3589493D4707000000AD /* Frameworks */,
			);
			buildRules = (
			);
			dependencies = (
				493D3589493D4707000000CB /* Prep */,
				493D3589493D4707000000CC /* libmpr */,
				493D3589493D4707000000CD /* libest */,				
			);
			name = libmprssl;
			productName = bit;
			productReference = 493D3589493D4707000000A1 /* libmprssl */;
			productType = "com.apple.product-type.library.dynamic";
		};
		493D3589493D470700000090 /* makerom */ = {
			isa = PBXNativeTarget;
			buildConfigurationList = 493D3589493D4707000000CF /* Build configuration list for PBXNativeTarget "makerom" */;
			buildPhases = (
				493D3589493D4707000000CE /* Sources */,
				493D3589493D4707000000AE /* Frameworks */,
			);
			buildRules = (
			);
			dependencies = (
				493D3589493D4707000000D0 /* Prep */,
				493D3589493D4707000000D1 /* libmpr */,				
			);
			name = makerom;
			productName = bit;
			productReference = 493D3589493D4707000000A2 /* makerom */;
			productType = "com.apple.product-type.tool";
		};
		493D3589493D470700000065 /* libpcre */ = {
			isa = PBXNativeTarget;
			buildConfigurationList = 493D3589493D4707000000D3 /* Build configuration list for PBXNativeTarget "libpcre" */;
			buildPhases = (
				493D3589493D4707000000D2 /* Sources */,
				493D3589493D4707000000AF /* Frameworks */,
			);
			buildRules = (
			);
			dependencies = (
				493D3589493D4707000000D4 /* Prep */,				
			);
			name = libpcre;
			productName = bit;
			productReference = 493D3589493D470700000042 /* libpcre */;
			productType = "com.apple.product-type.library.dynamic";
		};
		493D3589493D47070000006A /* libhttp */ = {
			isa = PBXNativeTarget;
			buildConfigurationList = 493D3589493D4707000000D6 /* Build configuration list for PBXNativeTarget "libhttp" */;
			buildPhases = (
				493D3589493D4707000000D5 /* Sources */,
				493D3589493D4707000000B0 /* Frameworks */,
			);
			buildRules = (
			);
			dependencies = (
				493D3589493D4707000000D7 /* Prep */,
				493D3589493D4707000000D8 /* libmpr */,
				493D3589493D4707000000D9 /* libpcre */,				
			);
			name = libhttp;
			productName = bit;
			productReference = 493D3589493D470700000044 /* libhttp */;
			productType = "com.apple.product-type.library.dynamic";
		};
		493D3589493D470700000094 /* http */ = {
			isa = PBXNativeTarget;
			buildConfigurationList = 493D3589493D4707000000DB /* Build configuration list for PBXNativeTarget "http" */;
			buildPhases = (
				493D3589493D4707000000DA /* Sources */,
				493D3589493D4707000000B1 /* Frameworks */,
			);
			buildRules = (
			);
			dependencies = (
				493D3589493D4707000000DC /* Prep */,
				493D3589493D4707000000DD /* libmpr */,
				493D3589493D4707000000DE /* libpcre */,
				493D3589493D4707000000DF /* libhttp */,				
			);
			name = http;
			productName = bit;
			productReference = 493D3589493D4707000000A5 /* http */;
			productType = "com.apple.product-type.tool";
		};
		493D3589493D470700000074 /* libejs */ = {
			isa = PBXNativeTarget;
			buildConfigurationList = 493D3589493D4707000000E1 /* Build configuration list for PBXNativeTarget "libejs" */;
			buildPhases = (
				493D3589493D4707000000E0 /* Sources */,
				493D3589493D4707000000B2 /* Frameworks */,
			);
			buildRules = (
			);
			dependencies = (
				493D3589493D4707000000E2 /* Prep */,
				493D3589493D4707000000E3 /* libmpr */,
				493D3589493D4707000000E4 /* libpcre */,
				493D3589493D4707000000E5 /* libhttp */,				
			);
			name = libejs;
			productName = bit;
			productReference = 493D3589493D47070000004B /* libejs */;
			productType = "com.apple.product-type.library.dynamic";
		};
		493D3589493D470700000097 /* ejs */ = {
			isa = PBXNativeTarget;
			buildConfigurationList = 493D3589493D4707000000E7 /* Build configuration list for PBXNativeTarget "ejs" */;
			buildPhases = (
				493D3589493D4707000000E6 /* Sources */,
				493D3589493D4707000000B3 /* Frameworks */,
			);
			buildRules = (
			);
			dependencies = (
				493D3589493D4707000000E8 /* Prep */,
				493D3589493D4707000000E9 /* libmpr */,
				493D3589493D4707000000EA /* libpcre */,
				493D3589493D4707000000EB /* libhttp */,
				493D3589493D4707000000EC /* libejs */,				
			);
			name = ejs;
			productName = bit;
			productReference = 493D3589493D4707000000A8 /* ejs */;
			productType = "com.apple.product-type.tool";
		};
		493D3589493D470700000080 /* ejsc */ = {
			isa = PBXNativeTarget;
			buildConfigurationList = 493D3589493D4707000000EE /* Build configuration list for PBXNativeTarget "ejsc" */;
			buildPhases = (
				493D3589493D4707000000ED /* Sources */,
				493D3589493D4707000000B4 /* Frameworks */,
			);
			buildRules = (
			);
			dependencies = (
				493D3589493D4707000000EF /* Prep */,
				493D3589493D4707000000F0 /* libmpr */,
				493D3589493D4707000000F1 /* libpcre */,
				493D3589493D4707000000F2 /* libhttp */,
				493D3589493D4707000000F3 /* libejs */,				
			);
			name = ejsc;
			productName = bit;
			productReference = 493D3589493D4707000000A9 /* ejsc */;
			productType = "com.apple.product-type.tool";
		};
		493D3589493D47070000009C /* bit */ = {
			isa = PBXNativeTarget;
			buildConfigurationList = 493D3589493D4707000000F5 /* Build configuration list for PBXNativeTarget "bit" */;
			buildPhases = (
				493D3589493D4707000000F4 /* Sources */,
				493D3589493D4707000000B5 /* Frameworks */,
			);
			buildRules = (
			);
			dependencies = (
				493D3589493D4707000000F6 /* Prep */,
				493D3589493D4707000000F7 /* libmpr */,
				493D3589493D4707000000F8 /* libpcre */,
				493D3589493D4707000000F9 /* libhttp */,
				493D3589493D4707000000FA /* libejs */,
				493D3589493D4707000000FB /* bits */,
				493D3589493D4707000000FC /* ejsc */,				
			);
			name = bit;
			productName = bit;
			productReference = 493D3589493D4707000000AA /* bit */;
			productType = "com.apple.product-type.tool";
		};
/* End PBXNativeTarget section */

/* Begin PBXShellScriptBuildPhase section */
		493D3589493D470700000007 /* ShellScript for ca-crt */ = {
			isa = PBXShellScriptBuildPhase;
			buildActionMask = 2147483647;
			files = (
			);
			inputPaths = (
../src/deps/est/ca.crt
			);
			outputPaths = (
../macosx-x64-default/bin/ca.crt
			);
			runOnlyForDeploymentPostprocessing = 0;
			shellPath = /bin/bash;
			shellScript = "PATH=$PATH:/usr/local/bin
cd ../src/deps/est
rm -rf ../../${OUT_DIR}/bin/ca.crt
cp -r ca.crt ../../${OUT_DIR}/bin/ca.crt
";
		};
		493D3589493D47070000000B /* ShellScript for ejs.mod */ = {
			isa = PBXShellScriptBuildPhase;
			buildActionMask = 2147483647;
			files = (
			);
			inputPaths = (
../src/deps/ejs/ejs.es
			);
			outputPaths = (
../macosx-x64-default/bin/ejs.mod
			);
			runOnlyForDeploymentPostprocessing = 0;
			shellPath = /bin/bash;
			shellScript = "PATH=$PATH:/usr/local/bin
cd ..
macosx-x64-default/bin/ejsc --out macosx-x64-default/bin/ejs.mod --optimize 9 --bind --require null src/deps/ejs/ejs.es";
		};
		493D3589493D470700000010 /* ShellScript for bits */ = {
			isa = PBXShellScriptBuildPhase;
			buildActionMask = 2147483647;
			files = (
			);
			inputPaths = (
../bits/bit.es,
../bits/configure.es,
../bits/embedthis-manifest.bit,
../bits/embedthis.bit,
../bits/embedthis.es,
../bits/gendoc.es,
../bits/generate.es,
../bits/os,
../bits/os/freebsd.bit,
../bits/os/gcc.bit,
../bits/os/linux.bit,
../bits/os/macosx.bit,
../bits/os/solaris.bit,
../bits/os/unix.bit,
../bits/os/vxworks.bit,
../bits/os/windows.bit,
../bits/packs,
../bits/packs/appweb-embed.bit,
../bits/packs/appweb.bit,
../bits/packs/compiler.bit,
../bits/packs/doxygen.bit,
../bits/packs/dsi.bit,
../bits/packs/dumpbin.bit,
../bits/packs/ejs.bit,
../bits/packs/ejscript.bit,
../bits/packs/est.bit,
../bits/packs/http.bit,
../bits/packs/lib.bit,
../bits/packs/link.bit,
../bits/packs/man.bit,
../bits/packs/man2html.bit,
../bits/packs/matrixssl.bit,
../bits/packs/md5.bit,
../bits/packs/nanossl.bit,
../bits/packs/openssl.bit,
../bits/packs/pcre.bit,
../bits/packs/pmaker.bit,
../bits/packs/ranlib.bit,
../bits/packs/rc.bit,
../bits/packs/sqlite.bit,
../bits/packs/ssl.bit,
../bits/packs/strip.bit,
../bits/packs/tidy.bit,
../bits/packs/utest.bit,
../bits/packs/vxworks.bit,
../bits/packs/winsdk.bit,
../bits/packs/zip.bit,
../bits/packs/zlib.bit,
../bits/sample-main.bit,
../bits/sample-start.bit,
../bits/simple.bit,
../bits/standard.bit,
../bits/vstudio.es,
../bits/xcode.es
			);
			outputPaths = (
../macosx-x64-default/bin/bits
			);
			runOnlyForDeploymentPostprocessing = 0;
			shellPath = /bin/bash;
			shellScript = "PATH=$PATH:/usr/local/bin
cd ..
rm -rf macosx-x64-default/bin/bits
cp -r bits/bit.es macosx-x64-default/bin/bits
rm -rf macosx-x64-default/bin/bits
cp -r bits/configure.es macosx-x64-default/bin/bits
rm -rf macosx-x64-default/bin/bits
cp -r bits/embedthis-manifest.bit macosx-x64-default/bin/bits
rm -rf macosx-x64-default/bin/bits
cp -r bits/embedthis.bit macosx-x64-default/bin/bits
rm -rf macosx-x64-default/bin/bits
cp -r bits/embedthis.es macosx-x64-default/bin/bits
rm -rf macosx-x64-default/bin/bits
cp -r bits/gendoc.es macosx-x64-default/bin/bits
rm -rf macosx-x64-default/bin/bits
cp -r bits/generate.es macosx-x64-default/bin/bits
rm -rf macosx-x64-default/bin/bits
cp -r bits/os macosx-x64-default/bin/bits
rm -rf macosx-x64-default/bin/bits
cp -r bits/os/freebsd.bit macosx-x64-default/bin/bits
rm -rf macosx-x64-default/bin/bits
cp -r bits/os/gcc.bit macosx-x64-default/bin/bits
rm -rf macosx-x64-default/bin/bits
cp -r bits/os/linux.bit macosx-x64-default/bin/bits
rm -rf macosx-x64-default/bin/bits
cp -r bits/os/macosx.bit macosx-x64-default/bin/bits
rm -rf macosx-x64-default/bin/bits
cp -r bits/os/solaris.bit macosx-x64-default/bin/bits
rm -rf macosx-x64-default/bin/bits
cp -r bits/os/unix.bit macosx-x64-default/bin/bits
rm -rf macosx-x64-default/bin/bits
cp -r bits/os/vxworks.bit macosx-x64-default/bin/bits
rm -rf macosx-x64-default/bin/bits
cp -r bits/os/windows.bit macosx-x64-default/bin/bits
rm -rf macosx-x64-default/bin/bits
cp -r bits/packs macosx-x64-default/bin/bits
rm -rf macosx-x64-default/bin/bits
cp -r bits/packs/appweb-embed.bit macosx-x64-default/bin/bits
rm -rf macosx-x64-default/bin/bits
cp -r bits/packs/appweb.bit macosx-x64-default/bin/bits
rm -rf macosx-x64-default/bin/bits
cp -r bits/packs/compiler.bit macosx-x64-default/bin/bits
rm -rf macosx-x64-default/bin/bits
cp -r bits/packs/doxygen.bit macosx-x64-default/bin/bits
rm -rf macosx-x64-default/bin/bits
cp -r bits/packs/dsi.bit macosx-x64-default/bin/bits
rm -rf macosx-x64-default/bin/bits
cp -r bits/packs/dumpbin.bit macosx-x64-default/bin/bits
rm -rf macosx-x64-default/bin/bits
cp -r bits/packs/ejs.bit macosx-x64-default/bin/bits
rm -rf macosx-x64-default/bin/bits
cp -r bits/packs/ejscript.bit macosx-x64-default/bin/bits
rm -rf macosx-x64-default/bin/bits
cp -r bits/packs/est.bit macosx-x64-default/bin/bits
rm -rf macosx-x64-default/bin/bits
cp -r bits/packs/http.bit macosx-x64-default/bin/bits
rm -rf macosx-x64-default/bin/bits
cp -r bits/packs/lib.bit macosx-x64-default/bin/bits
rm -rf macosx-x64-default/bin/bits
cp -r bits/packs/link.bit macosx-x64-default/bin/bits
rm -rf macosx-x64-default/bin/bits
cp -r bits/packs/man.bit macosx-x64-default/bin/bits
rm -rf macosx-x64-default/bin/bits
cp -r bits/packs/man2html.bit macosx-x64-default/bin/bits
rm -rf macosx-x64-default/bin/bits
cp -r bits/packs/matrixssl.bit macosx-x64-default/bin/bits
rm -rf macosx-x64-default/bin/bits
cp -r bits/packs/md5.bit macosx-x64-default/bin/bits
rm -rf macosx-x64-default/bin/bits
cp -r bits/packs/nanossl.bit macosx-x64-default/bin/bits
rm -rf macosx-x64-default/bin/bits
cp -r bits/packs/openssl.bit macosx-x64-default/bin/bits
rm -rf macosx-x64-default/bin/bits
cp -r bits/packs/pcre.bit macosx-x64-default/bin/bits
rm -rf macosx-x64-default/bin/bits
cp -r bits/packs/pmaker.bit macosx-x64-default/bin/bits
rm -rf macosx-x64-default/bin/bits
cp -r bits/packs/ranlib.bit macosx-x64-default/bin/bits
rm -rf macosx-x64-default/bin/bits
cp -r bits/packs/rc.bit macosx-x64-default/bin/bits
rm -rf macosx-x64-default/bin/bits
cp -r bits/packs/sqlite.bit macosx-x64-default/bin/bits
rm -rf macosx-x64-default/bin/bits
cp -r bits/packs/ssl.bit macosx-x64-default/bin/bits
rm -rf macosx-x64-default/bin/bits
cp -r bits/packs/strip.bit macosx-x64-default/bin/bits
rm -rf macosx-x64-default/bin/bits
cp -r bits/packs/tidy.bit macosx-x64-default/bin/bits
rm -rf macosx-x64-default/bin/bits
cp -r bits/packs/utest.bit macosx-x64-default/bin/bits
rm -rf macosx-x64-default/bin/bits
cp -r bits/packs/vxworks.bit macosx-x64-default/bin/bits
rm -rf macosx-x64-default/bin/bits
cp -r bits/packs/winsdk.bit macosx-x64-default/bin/bits
rm -rf macosx-x64-default/bin/bits
cp -r bits/packs/zip.bit macosx-x64-default/bin/bits
rm -rf macosx-x64-default/bin/bits
cp -r bits/packs/zlib.bit macosx-x64-default/bin/bits
rm -rf macosx-x64-default/bin/bits
cp -r bits/sample-main.bit macosx-x64-default/bin/bits
rm -rf macosx-x64-default/bin/bits
cp -r bits/sample-start.bit macosx-x64-default/bin/bits
rm -rf macosx-x64-default/bin/bits
cp -r bits/simple.bit macosx-x64-default/bin/bits
rm -rf macosx-x64-default/bin/bits
cp -r bits/standard.bit macosx-x64-default/bin/bits
rm -rf macosx-x64-default/bin/bits
cp -r bits/vstudio.es macosx-x64-default/bin/bits
rm -rf macosx-x64-default/bin/bits
cp -r bits/xcode.es macosx-x64-default/bin/bits
";
		};
		493D3589493D470700000024 /* ShellScript for Prep */ = {
			isa = PBXShellScriptBuildPhase;
			buildActionMask = 2147483647;
			files = (
			);
			inputPaths = (

			);
			outputPaths = (

			);
			runOnlyForDeploymentPostprocessing = 0;
			shellPath = /bin/bash;
			shellScript = "PATH=$PATH:/usr/local/bin
[ ! -x ${INC_DIR} ] && mkdir -p ${INC_DIR} ${OBJ_DIR} ${LIB_DIR} ${BIN_DIR}
[ ! -f ${INC_DIR}/bit.h ] && cp bit-macosx-default-bit.h ${INC_DIR}/bit.h
[ ! -f ${INC_DIR}/bitos.h ] && cp ${SRC_DIR}/src/bitos.h ${INC_DIR}/bitos.h
if ! diff ${INC_DIR}/bit.h bit-macosx-default-bit.h >/dev/null ; then
cp bit-macosx-default-bit.h ${INC_DIR}/bit.h
fi
if [ ../src/deps/est/est.h -nt ${OUT_DIR}/inc/est.h ] ; then
cp ../src/deps/est/est.h ${OUT_DIR}/inc/est.h
fi
if [ ../src/deps/mpr/mpr.h -nt ${OUT_DIR}/inc/mpr.h ] ; then
cp ../src/deps/mpr/mpr.h ${OUT_DIR}/inc/mpr.h
fi
if [ ../src/deps/pcre/pcre.h -nt ${OUT_DIR}/inc/pcre.h ] ; then
cp ../src/deps/pcre/pcre.h ${OUT_DIR}/inc/pcre.h
fi
if [ ../src/deps/http/http.h -nt ${OUT_DIR}/inc/http.h ] ; then
cp ../src/deps/http/http.h ${OUT_DIR}/inc/http.h
fi
if [ ../src/deps/ejs/ejs.h -nt ${OUT_DIR}/inc/ejs.h ] ; then
cp ../src/deps/ejs/ejs.h ${OUT_DIR}/inc/ejs.h
fi
if [ ../src/deps/ejs/ejs.slots.h -nt ${OUT_DIR}/inc/ejs.slots.h ] ; then
cp ../src/deps/ejs/ejs.slots.h ${OUT_DIR}/inc/ejs.slots.h
fi
if [ ../src/deps/ejs/ejsByteGoto.h -nt ${OUT_DIR}/inc/ejsByteGoto.h ] ; then
cp ../src/deps/ejs/ejsByteGoto.h ${OUT_DIR}/inc/ejsByteGoto.h
fi
if [ ../src/bitos.h -nt ${OUT_DIR}/inc/bitos.h ] ; then
cp ../src/bitos.h ${OUT_DIR}/inc/bitos.h
fi";
		};
/* End PBXShellScriptBuildPhase section */

/* Begin PBXProject section */
		493D3589493D470700000001 /* Project object */ = {
			isa = PBXProject;
			attributes = {
				LastUpgradeCheck = 0430;
				ORGANIZATIONNAME = "Embedthis";
			};
			buildConfigurationList = 493D3589493D470700000002 /* Build configuration list for PBXProject "bit" */;
			compatibilityVersion = "Xcode 3.2";
			developmentRegion = English;
			hasScannedForEncodings = 0;
			knownRegions = (
				en,
			);
			mainGroup = 493D3589493D4707000000B6;
			productRefGroup = 493D3589493D4707000000C2 /* Products */;
			projectDirPath = "";
			projectRoot = "";
			targets = (
				493D3589493D470700000013 /* All */,
				493D3589493D470700000023 /* Prep */,
				493D3589493D470700000074 /* libejs */,
				493D3589493D47070000005E /* libest */,
				493D3589493D47070000006A /* libhttp */,
				493D3589493D47070000005C /* libmpr */,
				493D3589493D47070000008E /* libmprssl */,
				493D3589493D470700000065 /* libpcre */,
				493D3589493D47070000009C /* bit */,
				493D3589493D470700000097 /* ejs */,
				493D3589493D470700000080 /* ejsc */,
				493D3589493D470700000094 /* http */,
				493D3589493D470700000090 /* makerom */,
				493D3589493D47070000000F /* bits */,
				493D3589493D470700000006 /* ca-crt */,
				493D3589493D47070000000A /* ejs.mod */,
			);
		};
/* End PBXProject section */

/* Begin PBXSourcesBuildPhase section */
		493D3589493D4707000000C3 /* libest Sources */ = {
			isa = PBXSourcesBuildPhase;
			buildActionMask = 2147483647;
			files = (
				493D3589493D470700000025 /* estLib.c in Sources */,
			);
			runOnlyForDeploymentPostprocessing = 0;
		};
		493D3589493D4707000000C6 /* libmpr Sources */ = {
			isa = PBXSourcesBuildPhase;
			buildActionMask = 2147483647;
			files = (
				493D3589493D470700000027 /* mprLib.c in Sources */,
			);
			runOnlyForDeploymentPostprocessing = 0;
		};
		493D3589493D4707000000C9 /* libmprssl Sources */ = {
			isa = PBXSourcesBuildPhase;
			buildActionMask = 2147483647;
			files = (
				493D3589493D470700000029 /* mprSsl.c in Sources */,
			);
			runOnlyForDeploymentPostprocessing = 0;
		};
		493D3589493D4707000000CE /* makerom Sources */ = {
			isa = PBXSourcesBuildPhase;
			buildActionMask = 2147483647;
			files = (
				493D3589493D47070000002B /* makerom.c in Sources */,
			);
			runOnlyForDeploymentPostprocessing = 0;
		};
		493D3589493D4707000000D2 /* libpcre Sources */ = {
			isa = PBXSourcesBuildPhase;
			buildActionMask = 2147483647;
			files = (
				493D3589493D47070000002D /* pcre.c in Sources */,
			);
			runOnlyForDeploymentPostprocessing = 0;
		};
		493D3589493D4707000000D5 /* libhttp Sources */ = {
			isa = PBXSourcesBuildPhase;
			buildActionMask = 2147483647;
			files = (
				493D3589493D47070000002F /* httpLib.c in Sources */,
			);
			runOnlyForDeploymentPostprocessing = 0;
		};
		493D3589493D4707000000DA /* http Sources */ = {
			isa = PBXSourcesBuildPhase;
			buildActionMask = 2147483647;
			files = (
				493D3589493D470700000031 /* http.c in Sources */,
			);
			runOnlyForDeploymentPostprocessing = 0;
		};
		493D3589493D4707000000E0 /* libejs Sources */ = {
			isa = PBXSourcesBuildPhase;
			buildActionMask = 2147483647;
			files = (
				493D3589493D470700000033 /* ejsLib.c in Sources */,
			);
			runOnlyForDeploymentPostprocessing = 0;
		};
		493D3589493D4707000000E6 /* ejs Sources */ = {
			isa = PBXSourcesBuildPhase;
			buildActionMask = 2147483647;
			files = (
				493D3589493D470700000035 /* ejs.c in Sources */,
			);
			runOnlyForDeploymentPostprocessing = 0;
		};
		493D3589493D4707000000ED /* ejsc Sources */ = {
			isa = PBXSourcesBuildPhase;
			buildActionMask = 2147483647;
			files = (
				493D3589493D470700000037 /* ejsc.c in Sources */,
			);
			runOnlyForDeploymentPostprocessing = 0;
		};
		493D3589493D4707000000F4 /* bit Sources */ = {
			isa = PBXSourcesBuildPhase;
			buildActionMask = 2147483647;
			files = (
				493D3589493D470700000039 /* bit.c in Sources */,
			);
			runOnlyForDeploymentPostprocessing = 0;
		};
/* End PBXSourcesBuildPhase section */

/* Begin PBXTargetDependency section */
		493D3589493D4707000000C5 /* PBXTargetDependency libest depends on Prep */ = {
			isa = PBXTargetDependency;
			target = 493D3589493D470700000023 /* Prep */;
			targetProxy = 493D3589493D470700000057 /* PBXContainerItemProxy */;
		};
		493D3589493D470700000008 /* PBXTargetDependency ca-crt depends on Prep */ = {
			isa = PBXTargetDependency;
			target = 493D3589493D470700000023 /* Prep */;
			targetProxy = 493D3589493D470700000058 /* PBXContainerItemProxy */;
		};
		493D3589493D4707000000C8 /* PBXTargetDependency libmpr depends on Prep */ = {
			isa = PBXTargetDependency;
			target = 493D3589493D470700000023 /* Prep */;
			targetProxy = 493D3589493D470700000059 /* PBXContainerItemProxy */;
		};
		493D3589493D4707000000CB /* PBXTargetDependency libmprssl depends on Prep */ = {
			isa = PBXTargetDependency;
			target = 493D3589493D470700000023 /* Prep */;
			targetProxy = 493D3589493D47070000005A /* PBXContainerItemProxy */;
		};
		493D3589493D4707000000CC /* PBXTargetDependency libmprssl depends on libmpr */ = {
			isa = PBXTargetDependency;
			target = 493D3589493D47070000005C /* libmpr */;
			targetProxy = 493D3589493D47070000005B /* PBXContainerItemProxy */;
		};
		493D3589493D4707000000CD /* PBXTargetDependency libmprssl depends on libest */ = {
			isa = PBXTargetDependency;
			target = 493D3589493D47070000005E /* libest */;
			targetProxy = 493D3589493D47070000005D /* PBXContainerItemProxy */;
		};
		493D3589493D4707000000D0 /* PBXTargetDependency makerom depends on Prep */ = {
			isa = PBXTargetDependency;
			target = 493D3589493D470700000023 /* Prep */;
			targetProxy = 493D3589493D47070000005F /* PBXContainerItemProxy */;
		};
		493D3589493D4707000000D1 /* PBXTargetDependency makerom depends on libmpr */ = {
			isa = PBXTargetDependency;
			target = 493D3589493D47070000005C /* libmpr */;
			targetProxy = 493D3589493D470700000060 /* PBXContainerItemProxy */;
		};
		493D3589493D4707000000D4 /* PBXTargetDependency libpcre depends on Prep */ = {
			isa = PBXTargetDependency;
			target = 493D3589493D470700000023 /* Prep */;
			targetProxy = 493D3589493D470700000061 /* PBXContainerItemProxy */;
		};
		493D3589493D4707000000D7 /* PBXTargetDependency libhttp depends on Prep */ = {
			isa = PBXTargetDependency;
			target = 493D3589493D470700000023 /* Prep */;
			targetProxy = 493D3589493D470700000062 /* PBXContainerItemProxy */;
		};
		493D3589493D4707000000D8 /* PBXTargetDependency libhttp depends on libmpr */ = {
			isa = PBXTargetDependency;
			target = 493D3589493D47070000005C /* libmpr */;
			targetProxy = 493D3589493D470700000063 /* PBXContainerItemProxy */;
		};
		493D3589493D4707000000D9 /* PBXTargetDependency libhttp depends on libpcre */ = {
			isa = PBXTargetDependency;
			target = 493D3589493D470700000065 /* libpcre */;
			targetProxy = 493D3589493D470700000064 /* PBXContainerItemProxy */;
		};
		493D3589493D4707000000DC /* PBXTargetDependency http depends on Prep */ = {
			isa = PBXTargetDependency;
			target = 493D3589493D470700000023 /* Prep */;
			targetProxy = 493D3589493D470700000066 /* PBXContainerItemProxy */;
		};
		493D3589493D4707000000DD /* PBXTargetDependency http depends on libmpr */ = {
			isa = PBXTargetDependency;
			target = 493D3589493D47070000005C /* libmpr */;
			targetProxy = 493D3589493D470700000067 /* PBXContainerItemProxy */;
		};
		493D3589493D4707000000DE /* PBXTargetDependency http depends on libpcre */ = {
			isa = PBXTargetDependency;
			target = 493D3589493D470700000065 /* libpcre */;
			targetProxy = 493D3589493D470700000068 /* PBXContainerItemProxy */;
		};
		493D3589493D4707000000DF /* PBXTargetDependency http depends on libhttp */ = {
			isa = PBXTargetDependency;
			target = 493D3589493D47070000006A /* libhttp */;
			targetProxy = 493D3589493D470700000069 /* PBXContainerItemProxy */;
		};
		493D3589493D4707000000E2 /* PBXTargetDependency libejs depends on Prep */ = {
			isa = PBXTargetDependency;
			target = 493D3589493D470700000023 /* Prep */;
			targetProxy = 493D3589493D47070000006B /* PBXContainerItemProxy */;
		};
		493D3589493D4707000000E3 /* PBXTargetDependency libejs depends on libmpr */ = {
			isa = PBXTargetDependency;
			target = 493D3589493D47070000005C /* libmpr */;
			targetProxy = 493D3589493D47070000006C /* PBXContainerItemProxy */;
		};
		493D3589493D4707000000E4 /* PBXTargetDependency libejs depends on libpcre */ = {
			isa = PBXTargetDependency;
			target = 493D3589493D470700000065 /* libpcre */;
			targetProxy = 493D3589493D47070000006D /* PBXContainerItemProxy */;
		};
		493D3589493D4707000000E5 /* PBXTargetDependency libejs depends on libhttp */ = {
			isa = PBXTargetDependency;
			target = 493D3589493D47070000006A /* libhttp */;
			targetProxy = 493D3589493D47070000006E /* PBXContainerItemProxy */;
		};
		493D3589493D4707000000E8 /* PBXTargetDependency ejs depends on Prep */ = {
			isa = PBXTargetDependency;
			target = 493D3589493D470700000023 /* Prep */;
			targetProxy = 493D3589493D47070000006F /* PBXContainerItemProxy */;
		};
		493D3589493D4707000000E9 /* PBXTargetDependency ejs depends on libmpr */ = {
			isa = PBXTargetDependency;
			target = 493D3589493D47070000005C /* libmpr */;
			targetProxy = 493D3589493D470700000070 /* PBXContainerItemProxy */;
		};
		493D3589493D4707000000EA /* PBXTargetDependency ejs depends on libpcre */ = {
			isa = PBXTargetDependency;
			target = 493D3589493D470700000065 /* libpcre */;
			targetProxy = 493D3589493D470700000071 /* PBXContainerItemProxy */;
		};
		493D3589493D4707000000EB /* PBXTargetDependency ejs depends on libhttp */ = {
			isa = PBXTargetDependency;
			target = 493D3589493D47070000006A /* libhttp */;
			targetProxy = 493D3589493D470700000072 /* PBXContainerItemProxy */;
		};
		493D3589493D4707000000EC /* PBXTargetDependency ejs depends on libejs */ = {
			isa = PBXTargetDependency;
			target = 493D3589493D470700000074 /* libejs */;
			targetProxy = 493D3589493D470700000073 /* PBXContainerItemProxy */;
		};
		493D3589493D4707000000EF /* PBXTargetDependency ejsc depends on Prep */ = {
			isa = PBXTargetDependency;
			target = 493D3589493D470700000023 /* Prep */;
			targetProxy = 493D3589493D470700000075 /* PBXContainerItemProxy */;
		};
		493D3589493D4707000000F0 /* PBXTargetDependency ejsc depends on libmpr */ = {
			isa = PBXTargetDependency;
			target = 493D3589493D47070000005C /* libmpr */;
			targetProxy = 493D3589493D470700000076 /* PBXContainerItemProxy */;
		};
		493D3589493D4707000000F1 /* PBXTargetDependency ejsc depends on libpcre */ = {
			isa = PBXTargetDependency;
			target = 493D3589493D470700000065 /* libpcre */;
			targetProxy = 493D3589493D470700000077 /* PBXContainerItemProxy */;
		};
		493D3589493D4707000000F2 /* PBXTargetDependency ejsc depends on libhttp */ = {
			isa = PBXTargetDependency;
			target = 493D3589493D47070000006A /* libhttp */;
			targetProxy = 493D3589493D470700000078 /* PBXContainerItemProxy */;
		};
		493D3589493D4707000000F3 /* PBXTargetDependency ejsc depends on libejs */ = {
			isa = PBXTargetDependency;
			target = 493D3589493D470700000074 /* libejs */;
			targetProxy = 493D3589493D470700000079 /* PBXContainerItemProxy */;
		};
		493D3589493D47070000000D /* PBXTargetDependency ejs.mod depends on Prep */ = {
			isa = PBXTargetDependency;
			target = 493D3589493D470700000023 /* Prep */;
			targetProxy = 493D3589493D47070000007A /* PBXContainerItemProxy */;
		};
		493D3589493D4707000000FD /* PBXTargetDependency ejs.mod depends on libmpr */ = {
			isa = PBXTargetDependency;
			target = 493D3589493D47070000005C /* libmpr */;
			targetProxy = 493D3589493D47070000007B /* PBXContainerItemProxy */;
		};
		493D3589493D4707000000FE /* PBXTargetDependency ejs.mod depends on libpcre */ = {
			isa = PBXTargetDependency;
			target = 493D3589493D470700000065 /* libpcre */;
			targetProxy = 493D3589493D47070000007C /* PBXContainerItemProxy */;
		};
		493D3589493D4707000000FF /* PBXTargetDependency ejs.mod depends on libhttp */ = {
			isa = PBXTargetDependency;
			target = 493D3589493D47070000006A /* libhttp */;
			targetProxy = 493D3589493D47070000007D /* PBXContainerItemProxy */;
		};
		493D3589493D470700000100 /* PBXTargetDependency ejs.mod depends on libejs */ = {
			isa = PBXTargetDependency;
			target = 493D3589493D470700000074 /* libejs */;
			targetProxy = 493D3589493D47070000007E /* PBXContainerItemProxy */;
		};
		493D3589493D47070000000C /* PBXTargetDependency ejs.mod depends on ejsc */ = {
			isa = PBXTargetDependency;
			target = 493D3589493D470700000080 /* ejsc */;
			targetProxy = 493D3589493D47070000007F /* PBXContainerItemProxy */;
		};
		493D3589493D4707000000F6 /* PBXTargetDependency bit depends on Prep */ = {
			isa = PBXTargetDependency;
			target = 493D3589493D470700000023 /* Prep */;
			targetProxy = 493D3589493D470700000081 /* PBXContainerItemProxy */;
		};
		493D3589493D4707000000F7 /* PBXTargetDependency bit depends on libmpr */ = {
			isa = PBXTargetDependency;
			target = 493D3589493D47070000005C /* libmpr */;
			targetProxy = 493D3589493D470700000082 /* PBXContainerItemProxy */;
		};
		493D3589493D4707000000F8 /* PBXTargetDependency bit depends on libpcre */ = {
			isa = PBXTargetDependency;
			target = 493D3589493D470700000065 /* libpcre */;
			targetProxy = 493D3589493D470700000083 /* PBXContainerItemProxy */;
		};
		493D3589493D4707000000F9 /* PBXTargetDependency bit depends on libhttp */ = {
			isa = PBXTargetDependency;
			target = 493D3589493D47070000006A /* libhttp */;
			targetProxy = 493D3589493D470700000084 /* PBXContainerItemProxy */;
		};
		493D3589493D4707000000FA /* PBXTargetDependency bit depends on libejs */ = {
			isa = PBXTargetDependency;
			target = 493D3589493D470700000074 /* libejs */;
			targetProxy = 493D3589493D470700000085 /* PBXContainerItemProxy */;
		};
		493D3589493D4707000000FB /* PBXTargetDependency bit depends on bits */ = {
			isa = PBXTargetDependency;
			target = 493D3589493D47070000000F /* bits */;
			targetProxy = 493D3589493D470700000086 /* PBXContainerItemProxy */;
		};
		493D3589493D4707000000FC /* PBXTargetDependency bit depends on ejsc */ = {
			isa = PBXTargetDependency;
			target = 493D3589493D470700000080 /* ejsc */;
			targetProxy = 493D3589493D470700000087 /* PBXContainerItemProxy */;
		};
		493D3589493D470700000011 /* PBXTargetDependency bits depends on Prep */ = {
			isa = PBXTargetDependency;
			target = 493D3589493D470700000023 /* Prep */;
			targetProxy = 493D3589493D470700000088 /* PBXContainerItemProxy */;
		};
		493D3589493D470700000101 /* PBXTargetDependency All depends on Prep */ = {
			isa = PBXTargetDependency;
			target = 493D3589493D470700000023 /* Prep */;
			targetProxy = 493D3589493D470700000089 /* PBXContainerItemProxy */;
		};
		493D3589493D470700000014 /* PBXTargetDependency All depends on libest */ = {
			isa = PBXTargetDependency;
			target = 493D3589493D47070000005E /* libest */;
			targetProxy = 493D3589493D47070000008A /* PBXContainerItemProxy */;
		};
		493D3589493D470700000015 /* PBXTargetDependency All depends on ca-crt */ = {
			isa = PBXTargetDependency;
			target = 493D3589493D470700000006 /* ca-crt */;
			targetProxy = 493D3589493D47070000008B /* PBXContainerItemProxy */;
		};
		493D3589493D470700000016 /* PBXTargetDependency All depends on libmpr */ = {
			isa = PBXTargetDependency;
			target = 493D3589493D47070000005C /* libmpr */;
			targetProxy = 493D3589493D47070000008C /* PBXContainerItemProxy */;
		};
		493D3589493D470700000017 /* PBXTargetDependency All depends on libmprssl */ = {
			isa = PBXTargetDependency;
			target = 493D3589493D47070000008E /* libmprssl */;
			targetProxy = 493D3589493D47070000008D /* PBXContainerItemProxy */;
		};
		493D3589493D470700000018 /* PBXTargetDependency All depends on makerom */ = {
			isa = PBXTargetDependency;
			target = 493D3589493D470700000090 /* makerom */;
			targetProxy = 493D3589493D47070000008F /* PBXContainerItemProxy */;
		};
		493D3589493D470700000019 /* PBXTargetDependency All depends on libpcre */ = {
			isa = PBXTargetDependency;
			target = 493D3589493D470700000065 /* libpcre */;
			targetProxy = 493D3589493D470700000091 /* PBXContainerItemProxy */;
		};
		493D3589493D47070000001A /* PBXTargetDependency All depends on libhttp */ = {
			isa = PBXTargetDependency;
			target = 493D3589493D47070000006A /* libhttp */;
			targetProxy = 493D3589493D470700000092 /* PBXContainerItemProxy */;
		};
		493D3589493D47070000001B /* PBXTargetDependency All depends on http */ = {
			isa = PBXTargetDependency;
			target = 493D3589493D470700000094 /* http */;
			targetProxy = 493D3589493D470700000093 /* PBXContainerItemProxy */;
		};
		493D3589493D47070000001C /* PBXTargetDependency All depends on libejs */ = {
			isa = PBXTargetDependency;
			target = 493D3589493D470700000074 /* libejs */;
			targetProxy = 493D3589493D470700000095 /* PBXContainerItemProxy */;
		};
		493D3589493D47070000001D /* PBXTargetDependency All depends on ejs */ = {
			isa = PBXTargetDependency;
			target = 493D3589493D470700000097 /* ejs */;
			targetProxy = 493D3589493D470700000096 /* PBXContainerItemProxy */;
		};
		493D3589493D47070000001E /* PBXTargetDependency All depends on ejsc */ = {
			isa = PBXTargetDependency;
			target = 493D3589493D470700000080 /* ejsc */;
			targetProxy = 493D3589493D470700000098 /* PBXContainerItemProxy */;
		};
		493D3589493D47070000001F /* PBXTargetDependency All depends on ejs.mod */ = {
			isa = PBXTargetDependency;
			target = 493D3589493D47070000000A /* ejs.mod */;
			targetProxy = 493D3589493D470700000099 /* PBXContainerItemProxy */;
		};
		493D3589493D470700000021 /* PBXTargetDependency All depends on bits */ = {
			isa = PBXTargetDependency;
			target = 493D3589493D47070000000F /* bits */;
			targetProxy = 493D3589493D47070000009A /* PBXContainerItemProxy */;
		};
		493D3589493D470700000020 /* PBXTargetDependency All depends on bit */ = {
			isa = PBXTargetDependency;
			target = 493D3589493D47070000009C /* bit */;
			targetProxy = 493D3589493D47070000009B /* PBXContainerItemProxy */;
		};
/* End PBXTargetDependency section */

/* Begin XCBuildConfiguration section */
		493D3589493D470700000003 /* Debug */ = {
			isa = XCBuildConfiguration;
			buildSettings = {

                /* Common Settings */
				ALWAYS_SEARCH_USER_PATHS = NO;
				ARCHS = "$(ARCHS_STANDARD_64_BIT)";
                CURRENT_PROJECT_VERSION = 0.8.7;
                DYLIB_COMPATIBILITY_VERSION = "$(CURRENT_PROJECT_VERSION)";
                DYLIB_CURRENT_VERSION = "$(CURRENT_PROJECT_VERSION)";
				GCC_C_LANGUAGE_STANDARD = gnu99;
				GCC_VERSION = com.apple.compilers.llvm.clang.1_0;
				GCC_WARN_ABOUT_RETURN_TYPE = YES;
                LD_DYLIB_INSTALL_NAME = "@rpath/$(EXECUTABLE_PATH)";
				MACOSX_DEPLOYMENT_TARGET = 10.7;
				SDKROOT = macosx;

                OUT_DIR = "../macosx-x64-default";
                BIN_DIR = "../macosx-x64-default/bin";
                LIB_DIR = "../macosx-x64-default/bin";
                INC_DIR = "../macosx-x64-default/inc";
                OBJ_DIR = "../macosx-x64-default/obj";
                SRC_DIR = "..";

                CONFIGURATION_TEMP_DIR = "$(OBJ_DIR)/tmp/$(CONFIGURATION)";
                CONFIGURATION_BUILD_DIR = "$(BIN_DIR)";
                INSTALL_PATH = "/usr/lib/bit";
                DSTROOT = "/tmp/bit.dst";
                OBJROOT = "$(OBJ_DIR)";
                SYMROOT = "$(BIN_DIR)";
				GCC_WARN_64_TO_32_BIT_CONVERSION = YES;
				GCC_WARN_64_TO_32_BIT_CONVERSION = YES;
				GCC_WARN_UNUSED_VARIABLE = NO;
				GCC_WARN_UNUSED_FUNCTION = NO;
				GCC_WARN_UNUSED_LABEL = NO;
				GCC_WARN_64_TO_32_BIT_CONVERSION = YES;
				GCC_WARN_64_TO_32_BIT_CONVERSION = YES;
				GCC_WARN_UNUSED_VARIABLE = NO;
				GCC_WARN_UNUSED_FUNCTION = NO;
				GCC_WARN_UNUSED_LABEL = NO;

                /* Debug Settings */
				COPY_PHASE_STRIP = NO;
				GCC_OPTIMIZATION_LEVEL = 0;
				GCC_SYMBOLS_PRIVATE_EXTERN = NO;
				HEADER_SEARCH_PATHS = (
					"../macosx-x64-default/inc",
					"$(inherited)"
				);
				GCC_PREPROCESSOR_DEFINITIONS = (
					"BIT_DEBUG",
					"BIT_DEBUG",
					"$(inherited)"
				);
				LIBRARY_SEARCH_PATHS = (
					"../macosx-x64-default/bin",
					"$(inherited)"
				);
				OTHER_LDFLAGS = (
					"-Wl,-rpath,@executable_path/",
					"-Wl,-rpath,@loader_path/",
					"-ldl",
					"-lpthread",
					"-lm",
					"$(inherited)"
				);

			};
			name = Debug;
		};
		493D3589493D470700000004 /* Release */ = {
			isa = XCBuildConfiguration;
			buildSettings = {

                /* Common Settings */
				ALWAYS_SEARCH_USER_PATHS = NO;
				ARCHS = "$(ARCHS_STANDARD_64_BIT)";
                CURRENT_PROJECT_VERSION = 0.8.7;
                DYLIB_COMPATIBILITY_VERSION = "$(CURRENT_PROJECT_VERSION)";
                DYLIB_CURRENT_VERSION = "$(CURRENT_PROJECT_VERSION)";
				GCC_C_LANGUAGE_STANDARD = gnu99;
				GCC_VERSION = com.apple.compilers.llvm.clang.1_0;
				GCC_WARN_ABOUT_RETURN_TYPE = YES;
                LD_DYLIB_INSTALL_NAME = "@rpath/$(EXECUTABLE_PATH)";
				MACOSX_DEPLOYMENT_TARGET = 10.7;
				SDKROOT = macosx;

                OUT_DIR = "../macosx-x64-default";
                BIN_DIR = "../macosx-x64-default/bin";
                LIB_DIR = "../macosx-x64-default/bin";
                INC_DIR = "../macosx-x64-default/inc";
                OBJ_DIR = "../macosx-x64-default/obj";
                SRC_DIR = "..";

                CONFIGURATION_TEMP_DIR = "$(OBJ_DIR)/tmp/$(CONFIGURATION)";
                CONFIGURATION_BUILD_DIR = "$(BIN_DIR)";
                INSTALL_PATH = "/usr/lib/bit";
                DSTROOT = "/tmp/bit.dst";
                OBJROOT = "$(OBJ_DIR)";
                SYMROOT = "$(BIN_DIR)";
				GCC_WARN_64_TO_32_BIT_CONVERSION = YES;
				GCC_WARN_64_TO_32_BIT_CONVERSION = YES;
				GCC_WARN_UNUSED_VARIABLE = NO;
				GCC_WARN_UNUSED_FUNCTION = NO;
				GCC_WARN_UNUSED_LABEL = NO;
				GCC_WARN_64_TO_32_BIT_CONVERSION = YES;
				GCC_WARN_64_TO_32_BIT_CONVERSION = YES;
				GCC_WARN_UNUSED_VARIABLE = NO;
				GCC_WARN_UNUSED_FUNCTION = NO;
				GCC_WARN_UNUSED_LABEL = NO;

                /* Release Settings */
				COPY_PHASE_STRIP = YES;
				DEBUG_INFORMATION_FORMAT = "dwarf-with-dsym";
				GCC_OPTIMIZATION_LEVEL = s;
                GCC_WARN_UNINITIALIZED_AUTOS = NO;
				HEADER_SEARCH_PATHS = (
					"../macosx-x64-default/inc",
					"$(inherited)"
				);
				GCC_PREPROCESSOR_DEFINITIONS = (
					"BIT_DEBUG",
					"$(inherited)"
				);
				LIBRARY_SEARCH_PATHS = (
					"../macosx-x64-default/bin",
					"$(inherited)"
				);
				OTHER_LDFLAGS = (
					"-Wl,-rpath,@executable_path/",
					"-Wl,-rpath,@loader_path/",
					"-ldl",
					"-lpthread",
					"-lm",
					"$(inherited)"
				);

			};
			name = Release;
		};
		493D3589493D470700000102 /* Debug */ = {
			isa = XCBuildConfiguration;
			buildSettings = {
				PRODUCT_NAME = libest;

				GCC_PREPROCESSOR_DEFINITIONS = (
					"BIT_DEBUG",
					"$(inherited)"
				);
			};
			name = Debug;
		};
		493D3589493D470700000103 /* Release */ = {
			isa = XCBuildConfiguration;
			buildSettings = {
				PRODUCT_NAME = libest;


			};
			name = Release;
		};
		493D3589493D470700000104 /* Debug */ = {
			isa = XCBuildConfiguration;
			buildSettings = {
				PRODUCT_NAME = ca-crt;

				GCC_PREPROCESSOR_DEFINITIONS = (
					"BIT_DEBUG",
					"$(inherited)"
				);
			};
			name = Debug;
		};
		493D3589493D470700000105 /* Release */ = {
			isa = XCBuildConfiguration;
			buildSettings = {
				PRODUCT_NAME = ca-crt;


			};
			name = Release;
		};
		493D3589493D470700000106 /* Debug */ = {
			isa = XCBuildConfiguration;
			buildSettings = {
				PRODUCT_NAME = libmpr;

				GCC_PREPROCESSOR_DEFINITIONS = (
					"BIT_DEBUG",
					"$(inherited)"
				);
			};
			name = Debug;
		};
		493D3589493D470700000107 /* Release */ = {
			isa = XCBuildConfiguration;
			buildSettings = {
				PRODUCT_NAME = libmpr;


			};
			name = Release;
		};
		493D3589493D470700000108 /* Debug */ = {
			isa = XCBuildConfiguration;
			buildSettings = {
				PRODUCT_NAME = libmprssl;

				GCC_PREPROCESSOR_DEFINITIONS = (
					"BIT_DEBUG",
					"$(inherited)"
				);
			};
			name = Debug;
		};
		493D3589493D470700000109 /* Release */ = {
			isa = XCBuildConfiguration;
			buildSettings = {
				PRODUCT_NAME = libmprssl;


			};
			name = Release;
		};
		493D3589493D47070000010A /* Debug */ = {
			isa = XCBuildConfiguration;
			buildSettings = {
				PRODUCT_NAME = makerom;

				GCC_PREPROCESSOR_DEFINITIONS = (
					"BIT_DEBUG",
					"$(inherited)"
				);
			};
			name = Debug;
		};
		493D3589493D47070000010B /* Release */ = {
			isa = XCBuildConfiguration;
			buildSettings = {
				PRODUCT_NAME = makerom;


			};
			name = Release;
		};
		493D3589493D47070000010C /* Debug */ = {
			isa = XCBuildConfiguration;
			buildSettings = {
				PRODUCT_NAME = libpcre;

				GCC_PREPROCESSOR_DEFINITIONS = (
					"PCRE_CHAR=char",
					"BIT_DEBUG",
					"$(inherited)"
				);
			};
			name = Debug;
		};
		493D3589493D47070000010D /* Release */ = {
			isa = XCBuildConfiguration;
			buildSettings = {
				PRODUCT_NAME = libpcre;

				GCC_PREPROCESSOR_DEFINITIONS = (
					"PCRE_CHAR=char",
					"$(inherited)"
				);
			};
			name = Release;
		};
		493D3589493D47070000010E /* Debug */ = {
			isa = XCBuildConfiguration;
			buildSettings = {
				PRODUCT_NAME = libhttp;

				GCC_PREPROCESSOR_DEFINITIONS = (
					"BIT_DEBUG",
					"$(inherited)"
				);
			};
			name = Debug;
		};
		493D3589493D47070000010F /* Release */ = {
			isa = XCBuildConfiguration;
			buildSettings = {
				PRODUCT_NAME = libhttp;


			};
			name = Release;
		};
		493D3589493D470700000110 /* Debug */ = {
			isa = XCBuildConfiguration;
			buildSettings = {
				PRODUCT_NAME = http;

				GCC_PREPROCESSOR_DEFINITIONS = (
					"BIT_DEBUG",
					"$(inherited)"
				);
			};
			name = Debug;
		};
		493D3589493D470700000111 /* Release */ = {
			isa = XCBuildConfiguration;
			buildSettings = {
				PRODUCT_NAME = http;


			};
			name = Release;
		};
		493D3589493D470700000112 /* Debug */ = {
			isa = XCBuildConfiguration;
			buildSettings = {
				PRODUCT_NAME = libejs;

				GCC_PREPROCESSOR_DEFINITIONS = (
					"BIT_DEBUG",
					"$(inherited)"
				);
			};
			name = Debug;
		};
		493D3589493D470700000113 /* Release */ = {
			isa = XCBuildConfiguration;
			buildSettings = {
				PRODUCT_NAME = libejs;


			};
			name = Release;
		};
		493D3589493D470700000114 /* Debug */ = {
			isa = XCBuildConfiguration;
			buildSettings = {
				PRODUCT_NAME = ejs;

				GCC_PREPROCESSOR_DEFINITIONS = (
					"BIT_DEBUG",
					"$(inherited)"
				);
				OTHER_LDFLAGS = (
					"-ledit",
					"$(inherited)"
				);

			};
			name = Debug;
		};
		493D3589493D470700000115 /* Release */ = {
			isa = XCBuildConfiguration;
			buildSettings = {
				PRODUCT_NAME = ejs;

				OTHER_LDFLAGS = (
					"-ledit",
					"$(inherited)"
				);

			};
			name = Release;
		};
		493D3589493D470700000116 /* Debug */ = {
			isa = XCBuildConfiguration;
			buildSettings = {
				PRODUCT_NAME = ejsc;

				GCC_PREPROCESSOR_DEFINITIONS = (
					"BIT_DEBUG",
					"$(inherited)"
				);
			};
			name = Debug;
		};
		493D3589493D470700000117 /* Release */ = {
			isa = XCBuildConfiguration;
			buildSettings = {
				PRODUCT_NAME = ejsc;


			};
			name = Release;
		};
		493D3589493D470700000118 /* Debug */ = {
			isa = XCBuildConfiguration;
			buildSettings = {
				PRODUCT_NAME = ejs.mod;

				GCC_PREPROCESSOR_DEFINITIONS = (
					"BIT_DEBUG",
					"$(inherited)"
				);
			};
			name = Debug;
		};
		493D3589493D470700000119 /* Release */ = {
			isa = XCBuildConfiguration;
			buildSettings = {
				PRODUCT_NAME = ejs.mod;


			};
			name = Release;
		};
		493D3589493D47070000011A /* Debug */ = {
			isa = XCBuildConfiguration;
			buildSettings = {
				PRODUCT_NAME = bit;

				GCC_PREPROCESSOR_DEFINITIONS = (
					"BIT_DEBUG",
					"$(inherited)"
				);
			};
			name = Debug;
		};
		493D3589493D47070000011B /* Release */ = {
			isa = XCBuildConfiguration;
			buildSettings = {
				PRODUCT_NAME = bit;


			};
			name = Release;
		};
		493D3589493D47070000011C /* Debug */ = {
			isa = XCBuildConfiguration;
			buildSettings = {
				PRODUCT_NAME = bits;

				GCC_PREPROCESSOR_DEFINITIONS = (
					"BIT_DEBUG",
					"$(inherited)"
				);
			};
			name = Debug;
		};
		493D3589493D47070000011D /* Release */ = {
			isa = XCBuildConfiguration;
			buildSettings = {
				PRODUCT_NAME = bits;


			};
			name = Release;
		};
		493D3589493D47070000011E /* Debug */ = {
			isa = XCBuildConfiguration;
			buildSettings = {
				PRODUCT_NAME = All;

				GCC_PREPROCESSOR_DEFINITIONS = (
					"BIT_DEBUG",
					"$(inherited)"
				);
			};
			name = Debug;
		};
		493D3589493D47070000011F /* Release */ = {
			isa = XCBuildConfiguration;
			buildSettings = {
				PRODUCT_NAME = All;


			};
			name = Release;
		};
		493D3589493D470700000120 /* Debug */ = {
			isa = XCBuildConfiguration;
			buildSettings = {
				PRODUCT_NAME = Prep;

				GCC_PREPROCESSOR_DEFINITIONS = (
					"BIT_DEBUG",
					"$(inherited)"
				);
			};
			name = Debug;
		};
		493D3589493D470700000121 /* Release */ = {
			isa = XCBuildConfiguration;
			buildSettings = {
				PRODUCT_NAME = Prep;


			};
			name = Release;
		};
/* End XCBuildConfiguration section */

/* Begin XCConfigurationList section */
		493D3589493D470700000002 /* Build configuration list for PBXProject "bit" */ = {
			isa = XCConfigurationList;
			buildConfigurations = (
				493D3589493D470700000003 /* Debug */,
				493D3589493D470700000004 /* Release */,
			);
			defaultConfigurationIsVisible = 0;
			defaultConfigurationName = Release;
		};
		493D3589493D4707000000C4 /* Build configuration list for PBXNativeTarget "libest" */ = {
			isa = XCConfigurationList;
			buildConfigurations = (
				493D3589493D470700000102 /* Debug */,
				493D3589493D470700000103 /* Release */,
			);
			defaultConfigurationIsVisible = 0;
			defaultConfigurationName = Release;
		};
		493D3589493D470700000005 /* Build configuration list for PBXNativeTarget "ca-crt" */ = {
			isa = XCConfigurationList;
			buildConfigurations = (
				493D3589493D470700000104 /* Debug */,
				493D3589493D470700000105 /* Release */,
			);
			defaultConfigurationIsVisible = 0;
			defaultConfigurationName = Release;
		};
		493D3589493D4707000000C7 /* Build configuration list for PBXNativeTarget "libmpr" */ = {
			isa = XCConfigurationList;
			buildConfigurations = (
				493D3589493D470700000106 /* Debug */,
				493D3589493D470700000107 /* Release */,
			);
			defaultConfigurationIsVisible = 0;
			defaultConfigurationName = Release;
		};
		493D3589493D4707000000CA /* Build configuration list for PBXNativeTarget "libmprssl" */ = {
			isa = XCConfigurationList;
			buildConfigurations = (
				493D3589493D470700000108 /* Debug */,
				493D3589493D470700000109 /* Release */,
			);
			defaultConfigurationIsVisible = 0;
			defaultConfigurationName = Release;
		};
		493D3589493D4707000000CF /* Build configuration list for PBXNativeTarget "makerom" */ = {
			isa = XCConfigurationList;
			buildConfigurations = (
				493D3589493D47070000010A /* Debug */,
				493D3589493D47070000010B /* Release */,
			);
			defaultConfigurationIsVisible = 0;
			defaultConfigurationName = Release;
		};
		493D3589493D4707000000D3 /* Build configuration list for PBXNativeTarget "libpcre" */ = {
			isa = XCConfigurationList;
			buildConfigurations = (
				493D3589493D47070000010C /* Debug */,
				493D3589493D47070000010D /* Release */,
			);
			defaultConfigurationIsVisible = 0;
			defaultConfigurationName = Release;
		};
		493D3589493D4707000000D6 /* Build configuration list for PBXNativeTarget "libhttp" */ = {
			isa = XCConfigurationList;
			buildConfigurations = (
				493D3589493D47070000010E /* Debug */,
				493D3589493D47070000010F /* Release */,
			);
			defaultConfigurationIsVisible = 0;
			defaultConfigurationName = Release;
		};
		493D3589493D4707000000DB /* Build configuration list for PBXNativeTarget "http" */ = {
			isa = XCConfigurationList;
			buildConfigurations = (
				493D3589493D470700000110 /* Debug */,
				493D3589493D470700000111 /* Release */,
			);
			defaultConfigurationIsVisible = 0;
			defaultConfigurationName = Release;
		};
		493D3589493D4707000000E1 /* Build configuration list for PBXNativeTarget "libejs" */ = {
			isa = XCConfigurationList;
			buildConfigurations = (
				493D3589493D470700000112 /* Debug */,
				493D3589493D470700000113 /* Release */,
			);
			defaultConfigurationIsVisible = 0;
			defaultConfigurationName = Release;
		};
		493D3589493D4707000000E7 /* Build configuration list for PBXNativeTarget "ejs" */ = {
			isa = XCConfigurationList;
			buildConfigurations = (
				493D3589493D470700000114 /* Debug */,
				493D3589493D470700000115 /* Release */,
			);
			defaultConfigurationIsVisible = 0;
			defaultConfigurationName = Release;
		};
		493D3589493D4707000000EE /* Build configuration list for PBXNativeTarget "ejsc" */ = {
			isa = XCConfigurationList;
			buildConfigurations = (
				493D3589493D470700000116 /* Debug */,
				493D3589493D470700000117 /* Release */,
			);
			defaultConfigurationIsVisible = 0;
			defaultConfigurationName = Release;
		};
		493D3589493D470700000009 /* Build configuration list for PBXNativeTarget "ejs.mod" */ = {
			isa = XCConfigurationList;
			buildConfigurations = (
				493D3589493D470700000118 /* Debug */,
				493D3589493D470700000119 /* Release */,
			);
			defaultConfigurationIsVisible = 0;
			defaultConfigurationName = Release;
		};
		493D3589493D4707000000F5 /* Build configuration list for PBXNativeTarget "bit" */ = {
			isa = XCConfigurationList;
			buildConfigurations = (
				493D3589493D47070000011A /* Debug */,
				493D3589493D47070000011B /* Release */,
			);
			defaultConfigurationIsVisible = 0;
			defaultConfigurationName = Release;
		};
		493D3589493D47070000000E /* Build configuration list for PBXNativeTarget "bits" */ = {
			isa = XCConfigurationList;
			buildConfigurations = (
				493D3589493D47070000011C /* Debug */,
				493D3589493D47070000011D /* Release */,
			);
			defaultConfigurationIsVisible = 0;
			defaultConfigurationName = Release;
		};
		493D3589493D470700000012 /* Build configuration list for PBXNativeTarget "All" */ = {
			isa = XCConfigurationList;
			buildConfigurations = (
				493D3589493D47070000011E /* Debug */,
				493D3589493D47070000011F /* Release */,
			);
			defaultConfigurationIsVisible = 0;
			defaultConfigurationName = Release;
		};
		493D3589493D470700000022 /* Build configuration list for PBXNativeTarget "Prep" */ = {
			isa = XCConfigurationList;
			buildConfigurations = (
				493D3589493D470700000120 /* Debug */,
				493D3589493D470700000121 /* Release */,
			);
			defaultConfigurationIsVisible = 0;
			defaultConfigurationName = Release;
		};
/* End XCConfigurationList section */
	};
	rootObject = 493D3589493D470700000001 /* Project object */;
}
